// !$*UTF8*$!
{
	archiveVersion = 1;
	classes = {
	};
	objectVersion = 45;
	objects = {

/* Begin PBXBuildFile section */
		1D3623260D0F684500981E51 /* MyNavAppDelegate.m in Sources */ = {isa = PBXBuildFile; fileRef = 1D3623250D0F684500981E51 /* MyNavAppDelegate.m */; };
		1D60589B0D05DD56006BFB54 /* main.m in Sources */ = {isa = PBXBuildFile; fileRef = 29B97316FDCFA39411CA2CEA /* main.m */; };
		1D60589F0D05DD5A006BFB54 /* Foundation.framework in Frameworks */ = {isa = PBXBuildFile; fileRef = 1D30AB110D05D00D00671497 /* Foundation.framework */; };
		1DF5F4E00D08C38300B7A737 /* UIKit.framework in Frameworks */ = {isa = PBXBuildFile; fileRef = 1DF5F4DF0D08C38300B7A737 /* UIKit.framework */; };
		288765FD0DF74451002DB57D /* CoreGraphics.framework in Frameworks */ = {isa = PBXBuildFile; fileRef = 288765FC0DF74451002DB57D /* CoreGraphics.framework */; };
		28AD733F0D9D9553002E5188 /* MainWindow.xib in Resources */ = {isa = PBXBuildFile; fileRef = 28AD733E0D9D9553002E5188 /* MainWindow.xib */; };
		3E43DC4A148FA77400419377 /* InfoViewController.m in Sources */ = {isa = PBXBuildFile; fileRef = 3E43DC48148FA77400419377 /* InfoViewController.m */; };
		3E43DC4B148FA77400419377 /* InfoViewController.xib in Resources */ = {isa = PBXBuildFile; fileRef = 3E43DC49148FA77400419377 /* InfoViewController.xib */; };
		3E5FB5EA144AA64100A1AD06 /* MapKit.framework in Frameworks */ = {isa = PBXBuildFile; fileRef = 3E5FB5E9144AA64100A1AD06 /* MapKit.framework */; };
		3E5FB633144AAACB00A1AD06 /* DisplayMap.m in Sources */ = {isa = PBXBuildFile; fileRef = 3E5FB632144AAACB00A1AD06 /* DisplayMap.m */; };
		3E5FB641144AAC3100A1AD06 /* CoreLocation.framework in Frameworks */ = {isa = PBXBuildFile; fileRef = 3E5FB640144AAC3100A1AD06 /* CoreLocation.framework */; };
		3E87147D14919624008B8B80 /* VersionCheckUtil.m in Sources */ = {isa = PBXBuildFile; fileRef = 3E87147C14919624008B8B80 /* VersionCheckUtil.m */; };
		3E8714841491A655008B8B80 /* CLMAlertView.m in Sources */ = {isa = PBXBuildFile; fileRef = 3E8714831491A655008B8B80 /* CLMAlertView.m */; };
		3E888620147358F000E1E2B2 /* highlightBack.png in Resources */ = {isa = PBXBuildFile; fileRef = 3E88861F147358F000E1E2B2 /* highlightBack.png */; };
		3E893CD01455B24600639A07 /* Airport.m in Sources */ = {isa = PBXBuildFile; fileRef = 3E893CCF1455B24600639A07 /* Airport.m */; };
		3E8BD7B41474E40E00444D18 /* PlaneAnnotation.m in Sources */ = {isa = PBXBuildFile; fileRef = 3E8BD7B31474E40E00444D18 /* PlaneAnnotation.m */; };
		3E8BD7B71474F7B700444D18 /* UIImage-Extensions.m in Sources */ = {isa = PBXBuildFile; fileRef = 3E8BD7B61474F7B700444D18 /* UIImage-Extensions.m */; };
		3E8BD7BF1475207600444D18 /* mapplane.png in Resources */ = {isa = PBXBuildFile; fileRef = 3E8BD7BE1475207600444D18 /* mapplane.png */; };
		3E8C10EF1483347000FEA9DC /* libMobClickLibrary.a in Frameworks */ = {isa = PBXBuildFile; fileRef = 3E8C10ED1483347000FEA9DC /* libMobClickLibrary.a */; };
		3E8C10F1148334C600FEA9DC /* libz.1.dylib in Frameworks */ = {isa = PBXBuildFile; fileRef = 3E8C10F0148334C600FEA9DC /* libz.1.dylib */; };
		3E8C3D5D140C5CB000B17765 /* SearchConditionController.m in Sources */ = {isa = PBXBuildFile; fileRef = 3E8C3D5C140C5CB000B17765 /* SearchConditionController.m */; };
		3E8C8F7E141CFAFF002246C0 /* libsqlite3.dylib in Frameworks */ = {isa = PBXBuildFile; fileRef = 3E8C8F7D141CFAFF002246C0 /* libsqlite3.dylib */; };
		3E8D97A7148E5BA100A162B7 /* flights.sqlite3 in Resources */ = {isa = PBXBuildFile; fileRef = 3E8D97A6148E5BA000A162B7 /* flights.sqlite3 */; };
		3E8DE50014826EB100E5EA35 /* add.png in Resources */ = {isa = PBXBuildFile; fileRef = 3E8DE4FF14826EB100E5EA35 /* add.png */; };
		3E8E4E681463D1C200CD4D4C /* QueryResultController.m in Sources */ = {isa = PBXBuildFile; fileRef = 3E8E4E671463D1C200CD4D4C /* QueryResultController.m */; };
		3E8E78F314552C01003BAD50 /* SearchConditionAirportController.m in Sources */ = {isa = PBXBuildFile; fileRef = 3E8E78F114552C01003BAD50 /* SearchConditionAirportController.m */; };
		3E8E90CF1471F8E000B36223 /* plane.png in Resources */ = {isa = PBXBuildFile; fileRef = 3E8E90CE1471F8E000B36223 /* plane.png */; };
		3E8E90D31471FA6600B36223 /* MessageUI.framework in Frameworks */ = {isa = PBXBuildFile; fileRef = 3E8E90D21471FA6600B36223 /* MessageUI.framework */; };
		3E8E90D914721EE100B36223 /* QueryCustomCell.xib in Resources */ = {isa = PBXBuildFile; fileRef = 3E8E90D814721EE100B36223 /* QueryCustomCell.xib */; };
		3E8E90DB14721EEE00B36223 /* cellbackground.png in Resources */ = {isa = PBXBuildFile; fileRef = 3E8E90DA14721EEE00B36223 /* cellbackground.png */; };
		3E8E90DF14721F0400B36223 /* pushmusic.wav in Resources */ = {isa = PBXBuildFile; fileRef = 3E8E90DE14721F0400B36223 /* pushmusic.wav */; };
		3E8E90E11472478800B36223 /* SearchConditionCompanyController.xib in Resources */ = {isa = PBXBuildFile; fileRef = 3E8E90E01472478800B36223 /* SearchConditionCompanyController.xib */; };
		3E8E90E91472936000B36223 /* planetab.png in Resources */ = {isa = PBXBuildFile; fileRef = 3E8E90E81472936000B36223 /* planetab.png */; };
		3E8E90EB1472A53500B36223 /* DisclosureButtonTitleView.xib in Resources */ = {isa = PBXBuildFile; fileRef = 3E8E90EA1472A53400B36223 /* DisclosureButtonTitleView.xib */; };
		3E8E90EE1472A76200B36223 /* DisclosureButtonTitleView.m in Sources */ = {isa = PBXBuildFile; fileRef = 3E8E90ED1472A76100B36223 /* DisclosureButtonTitleView.m */; };
		3E900F32145D897200710661 /* SearchConditionAirportController.xib in Resources */ = {isa = PBXBuildFile; fileRef = 3E900F31145D897200710661 /* SearchConditionAirportController.xib */; };
		3E900F3A145DAA3100710661 /* CoreTelephony.framework in Frameworks */ = {isa = PBXBuildFile; fileRef = 3E900F39145DAA3100710661 /* CoreTelephony.framework */; settings = {ATTRIBUTES = (Weak, ); }; };
		3E900F3C145DAA4000710661 /* QuartzCore.framework in Frameworks */ = {isa = PBXBuildFile; fileRef = 3E900F3B145DAA4000710661 /* QuartzCore.framework */; };
		3E901361148DDEAC005B133F /* newIcon1.png in Resources */ = {isa = PBXBuildFile; fileRef = 3E901360148DDEAC005B133F /* newIcon1.png */; };
		3E903D2B148F31F70033FAB5 /* DoneDown.png in Resources */ = {isa = PBXBuildFile; fileRef = 3E903D29148F31F60033FAB5 /* DoneDown.png */; };
		3E903D2C148F31F70033FAB5 /* DoneUp.png in Resources */ = {isa = PBXBuildFile; fileRef = 3E903D2A148F31F60033FAB5 /* DoneUp.png */; };
		3E91CFE61403D428004E20F8 /* RootViewController.m in Sources */ = {isa = PBXBuildFile; fileRef = 3E91CFE51403D428004E20F8 /* RootViewController.m */; };
		3E91CFEB1403D856004E20F8 /* ListViewController.m in Sources */ = {isa = PBXBuildFile; fileRef = 3E91CFEA1403D856004E20F8 /* ListViewController.m */; };
		3E92DF8F14088A8B0094CFAA /* FlightDetailCustomCell.m in Sources */ = {isa = PBXBuildFile; fileRef = 3E92DF8E14088A8B0094CFAA /* FlightDetailCustomCell.m */; };
		3E92DF9114088ACC0094CFAA /* FlightDetailCustomCell.xib in Resources */ = {isa = PBXBuildFile; fileRef = 3E92DF9014088ACC0094CFAA /* FlightDetailCustomCell.xib */; };
		3E92E0441408D1500094CFAA /* xiangqing.png in Resources */ = {isa = PBXBuildFile; fileRef = 3E92E0421408D1500094CFAA /* xiangqing.png */; };
		3E92E04C1408D2100094CFAA /* duigou.png in Resources */ = {isa = PBXBuildFile; fileRef = 3E92E04B1408D2100094CFAA /* duigou.png */; };
		3E92E0AD140900440094CFAA /* NSObject+SBJSON.m in Sources */ = {isa = PBXBuildFile; fileRef = 3E92E0A2140900440094CFAA /* NSObject+SBJSON.m */; };
		3E92E0AE140900440094CFAA /* NSString+SBJSON.m in Sources */ = {isa = PBXBuildFile; fileRef = 3E92E0A4140900440094CFAA /* NSString+SBJSON.m */; };
		3E92E0AF140900440094CFAA /* SBJSON.m in Sources */ = {isa = PBXBuildFile; fileRef = 3E92E0A6140900440094CFAA /* SBJSON.m */; };
		3E92E0B0140900440094CFAA /* SBJsonBase.m in Sources */ = {isa = PBXBuildFile; fileRef = 3E92E0A8140900440094CFAA /* SBJsonBase.m */; };
		3E92E0B1140900440094CFAA /* SBJsonParser.m in Sources */ = {isa = PBXBuildFile; fileRef = 3E92E0AA140900440094CFAA /* SBJsonParser.m */; };
		3E92E0B2140900440094CFAA /* SBJsonWriter.m in Sources */ = {isa = PBXBuildFile; fileRef = 3E92E0AC140900440094CFAA /* SBJsonWriter.m */; };
		3E95E2A114068E16004E250B /* CustomCell.m in Sources */ = {isa = PBXBuildFile; fileRef = 3E95E2A014068E16004E250B /* CustomCell.m */; };
		3E95E2A314068F1E004E250B /* CustomCell.xib in Resources */ = {isa = PBXBuildFile; fileRef = 3E95E2A214068F1E004E250B /* CustomCell.xib */; };
		3E96B86514173D23000B2E96 /* TdCalendarView.m in Sources */ = {isa = PBXBuildFile; fileRef = 3E96B86314173D23000B2E96 /* TdCalendarView.m */; };
		3E96B86F14173E57000B2E96 /* SearchConditionDateController.m in Sources */ = {isa = PBXBuildFile; fileRef = 3E96B86D14173E57000B2E96 /* SearchConditionDateController.m */; };
		3E96B87014173E57000B2E96 /* SearchConditionDateController.xib in Resources */ = {isa = PBXBuildFile; fileRef = 3E96B86E14173E57000B2E96 /* SearchConditionDateController.xib */; };
		3E96D9211416EF2B007D29C0 /* SearchConditionCompanyController.m in Sources */ = {isa = PBXBuildFile; fileRef = 3E96D9201416EF2B007D29C0 /* SearchConditionCompanyController.m */; };
		3E971A45148BA1D0009AD722 /* 3U@2x.png in Resources */ = {isa = PBXBuildFile; fileRef = 3E9719F2148BA1D0009AD722 /* 3U@2x.png */; };
		3E971A46148BA1D0009AD722 /* 5J@2x.png in Resources */ = {isa = PBXBuildFile; fileRef = 3E9719F3148BA1D0009AD722 /* 5J@2x.png */; };
		3E971A47148BA1D0009AD722 /* 7J@2x.png in Resources */ = {isa = PBXBuildFile; fileRef = 3E9719F4148BA1D0009AD722 /* 7J@2x.png */; };
		3E971A48148BA1D0009AD722 /* 8L@2x.png in Resources */ = {isa = PBXBuildFile; fileRef = 3E9719F5148BA1D0009AD722 /* 8L@2x.png */; };
		3E971A49148BA1D0009AD722 /* 8Y@2x.png in Resources */ = {isa = PBXBuildFile; fileRef = 3E9719F6148BA1D0009AD722 /* 8Y@2x.png */; };
		3E971A4A148BA1D0009AD722 /* 9C@2x.png in Resources */ = {isa = PBXBuildFile; fileRef = 3E9719F7148BA1D0009AD722 /* 9C@2x.png */; };
		3E971A4B148BA1D0009AD722 /* AC@2x.png in Resources */ = {isa = PBXBuildFile; fileRef = 3E9719F8148BA1D0009AD722 /* AC@2x.png */; };
		3E971A4C148BA1D0009AD722 /* AE@2x.png in Resources */ = {isa = PBXBuildFile; fileRef = 3E9719F9148BA1D0009AD722 /* AE@2x.png */; };
		3E971A4D148BA1D0009AD722 /* AH@2x.png in Resources */ = {isa = PBXBuildFile; fileRef = 3E9719FA148BA1D0009AD722 /* AH@2x.png */; };
		3E971A4E148BA1D0009AD722 /* AI@2x.png in Resources */ = {isa = PBXBuildFile; fileRef = 3E9719FB148BA1D0009AD722 /* AI@2x.png */; };
		3E971A4F148BA1D0009AD722 /* AY@2x.png in Resources */ = {isa = PBXBuildFile; fileRef = 3E9719FC148BA1D0009AD722 /* AY@2x.png */; };
		3E971A50148BA1D0009AD722 /* B7@2x.png in Resources */ = {isa = PBXBuildFile; fileRef = 3E9719FD148BA1D0009AD722 /* B7@2x.png */; };
		3E971A51148BA1D0009AD722 /* BA@2x.png in Resources */ = {isa = PBXBuildFile; fileRef = 3E9719FE148BA1D0009AD722 /* BA@2x.png */; };
		3E971A52148BA1D0009AD722 /* BK@2x.png in Resources */ = {isa = PBXBuildFile; fileRef = 3E9719FF148BA1D0009AD722 /* BK@2x.png */; };
		3E971A53148BA1D0009AD722 /* BR@2x.png in Resources */ = {isa = PBXBuildFile; fileRef = 3E971A00148BA1D0009AD722 /* BR@2x.png */; };
		3E971A54148BA1D0009AD722 /* CA@2x.png in Resources */ = {isa = PBXBuildFile; fileRef = 3E971A01148BA1D0009AD722 /* CA@2x.png */; };
		3E971A55148BA1D0009AD722 /* CI@2x.png in Resources */ = {isa = PBXBuildFile; fileRef = 3E971A02148BA1D0009AD722 /* CI@2x.png */; };
		3E971A56148BA1D0009AD722 /* CN@2x.png in Resources */ = {isa = PBXBuildFile; fileRef = 3E971A03148BA1D0009AD722 /* CN@2x.png */; };
		3E971A57148BA1D0009AD722 /* CO@2x.png in Resources */ = {isa = PBXBuildFile; fileRef = 3E971A04148BA1D0009AD722 /* CO@2x.png */; };
		3E971A58148BA1D0009AD722 /* CX@2x.png in Resources */ = {isa = PBXBuildFile; fileRef = 3E971A05148BA1D0009AD722 /* CX@2x.png */; };
		3E971A59148BA1D0009AD722 /* CZ@2x.png in Resources */ = {isa = PBXBuildFile; fileRef = 3E971A06148BA1D0009AD722 /* CZ@2x.png */; };
		3E971A5A148BA1D0009AD722 /* EK@2x.png in Resources */ = {isa = PBXBuildFile; fileRef = 3E971A07148BA1D0009AD722 /* EK@2x.png */; };
		3E971A5B148BA1D0009AD722 /* empty@2x.png in Resources */ = {isa = PBXBuildFile; fileRef = 3E971A08148BA1D0009AD722 /* empty@2x.png */; };
		3E971A5C148BA1D0009AD722 /* ET@2x.png in Resources */ = {isa = PBXBuildFile; fileRef = 3E971A09148BA1D0009AD722 /* ET@2x.png */; };
		3E971A5D148BA1D0009AD722 /* EU@2x.png in Resources */ = {isa = PBXBuildFile; fileRef = 3E971A0A148BA1D0009AD722 /* EU@2x.png */; };
		3E971A5E148BA1D0009AD722 /* EY@2x.png in Resources */ = {isa = PBXBuildFile; fileRef = 3E971A0B148BA1D0009AD722 /* EY@2x.png */; };
		3E971A5F148BA1D0009AD722 /* FM@2x.png in Resources */ = {isa = PBXBuildFile; fileRef = 3E971A0C148BA1D0009AD722 /* FM@2x.png */; };
		3E971A60148BA1D0009AD722 /* G5@2x.png in Resources */ = {isa = PBXBuildFile; fileRef = 3E971A0D148BA1D0009AD722 /* G5@2x.png */; };
		3E971A61148BA1D0009AD722 /* GA@2x.png in Resources */ = {isa = PBXBuildFile; fileRef = 3E971A0E148BA1D0009AD722 /* GA@2x.png */; };
		3E971A62148BA1D0009AD722 /* GS@2x.png in Resources */ = {isa = PBXBuildFile; fileRef = 3E971A0F148BA1D0009AD722 /* GS@2x.png */; };
		3E971A63148BA1D0009AD722 /* H8@2x.png in Resources */ = {isa = PBXBuildFile; fileRef = 3E971A10148BA1D0009AD722 /* H8@2x.png */; };
		3E971A64148BA1D0009AD722 /* HO@2x.png in Resources */ = {isa = PBXBuildFile; fileRef = 3E971A11148BA1D0009AD722 /* HO@2x.png */; };
		3E971A65148BA1D0009AD722 /* HU@2x.png in Resources */ = {isa = PBXBuildFile; fileRef = 3E971A12148BA1D0009AD722 /* HU@2x.png */; };
		3E971A66148BA1D0009AD722 /* HX@2x.png in Resources */ = {isa = PBXBuildFile; fileRef = 3E971A13148BA1D0009AD722 /* HX@2x.png */; };
		3E971A67148BA1D0009AD722 /* JD@2x.png in Resources */ = {isa = PBXBuildFile; fileRef = 3E971A14148BA1D0009AD722 /* JD@2x.png */; };
		3E971A68148BA1D0009AD722 /* JL@2x.png in Resources */ = {isa = PBXBuildFile; fileRef = 3E971A15148BA1D0009AD722 /* JL@2x.png */; };
		3E971A69148BA1D0009AD722 /* JR@2x.png in Resources */ = {isa = PBXBuildFile; fileRef = 3E971A16148BA1D0009AD722 /* JR@2x.png */; };
		3E971A6A148BA1D0009AD722 /* JS@2x.png in Resources */ = {isa = PBXBuildFile; fileRef = 3E971A17148BA1D0009AD722 /* JS@2x.png */; };
		3E971A6B148BA1D0009AD722 /* KA@2x.png in Resources */ = {isa = PBXBuildFile; fileRef = 3E971A18148BA1D0009AD722 /* KA@2x.png */; };
		3E971A6C148BA1D0009AD722 /* KC@2x.png in Resources */ = {isa = PBXBuildFile; fileRef = 3E971A19148BA1D0009AD722 /* KC@2x.png */; };
		3E971A6D148BA1D0009AD722 /* KE@2x.png in Resources */ = {isa = PBXBuildFile; fileRef = 3E971A1A148BA1D0009AD722 /* KE@2x.png */; };
		3E971A6E148BA1D0009AD722 /* KL@2x.png in Resources */ = {isa = PBXBuildFile; fileRef = 3E971A1B148BA1D0009AD722 /* KL@2x.png */; };
		3E971A6F148BA1D0009AD722 /* KN@2x.png in Resources */ = {isa = PBXBuildFile; fileRef = 3E971A1C148BA1D0009AD722 /* KN@2x.png */; };
		3E971A70148BA1D0009AD722 /* KQ@2x.png in Resources */ = {isa = PBXBuildFile; fileRef = 3E971A1D148BA1D0009AD722 /* KQ@2x.png */; };
		3E971A71148BA1D0009AD722 /* KU@2x.png in Resources */ = {isa = PBXBuildFile; fileRef = 3E971A1E148BA1D0009AD722 /* KU@2x.png */; };
		3E971A72148BA1D0009AD722 /* KY@2x.png in Resources */ = {isa = PBXBuildFile; fileRef = 3E971A1F148BA1D0009AD722 /* KY@2x.png */; };
		3E971A73148BA1D0009AD722 /* LD@2x.png in Resources */ = {isa = PBXBuildFile; fileRef = 3E971A20148BA1D0009AD722 /* LD@2x.png */; };
		3E971A74148BA1D0009AD722 /* LH@2x.png in Resources */ = {isa = PBXBuildFile; fileRef = 3E971A21148BA1D0009AD722 /* LH@2x.png */; };
		3E971A75148BA1D0009AD722 /* LY@2x.png in Resources */ = {isa = PBXBuildFile; fileRef = 3E971A22148BA1D0009AD722 /* LY@2x.png */; };
		3E971A76148BA1D0009AD722 /* MF@2x.png in Resources */ = {isa = PBXBuildFile; fileRef = 3E971A23148BA1D0009AD722 /* MF@2x.png */; };
		3E971A77148BA1D0009AD722 /* MH@2x.png in Resources */ = {isa = PBXBuildFile; fileRef = 3E971A24148BA1D0009AD722 /* MH@2x.png */; };
		3E971A78148BA1D0009AD722 /* MI@2x.png in Resources */ = {isa = PBXBuildFile; fileRef = 3E971A25148BA1D0009AD722 /* MI@2x.png */; };
		3E971A79148BA1D0009AD722 /* MS@2x.png in Resources */ = {isa = PBXBuildFile; fileRef = 3E971A26148BA1D0009AD722 /* MS@2x.png */; };
		3E971A7A148BA1D0009AD722 /* MU@2x.png in Resources */ = {isa = PBXBuildFile; fileRef = 3E971A27148BA1D0009AD722 /* MU@2x.png */; };
		3E971A7B148BA1D0009AD722 /* NH@2x.png in Resources */ = {isa = PBXBuildFile; fileRef = 3E971A28148BA1D0009AD722 /* NH@2x.png */; };
		3E971A7C148BA1D0009AD722 /* NS@2x.png in Resources */ = {isa = PBXBuildFile; fileRef = 3E971A29148BA1D0009AD722 /* NS@2x.png */; };
		3E971A7D148BA1D0009AD722 /* NX@2x.png in Resources */ = {isa = PBXBuildFile; fileRef = 3E971A2A148BA1D0009AD722 /* NX@2x.png */; };
		3E971A7E148BA1D0009AD722 /* NZ@2x.png in Resources */ = {isa = PBXBuildFile; fileRef = 3E971A2B148BA1D0009AD722 /* NZ@2x.png */; };
		3E971A7F148BA1D0009AD722 /* OM@2x.png in Resources */ = {isa = PBXBuildFile; fileRef = 3E971A2C148BA1D0009AD722 /* OM@2x.png */; };
		3E971A80148BA1D0009AD722 /* OQ@2x.png in Resources */ = {isa = PBXBuildFile; fileRef = 3E971A2D148BA1D0009AD722 /* OQ@2x.png */; };
		3E971A81148BA1D0009AD722 /* OS@2x.png in Resources */ = {isa = PBXBuildFile; fileRef = 3E971A2E148BA1D0009AD722 /* OS@2x.png */; };
		3E971A82148BA1D0009AD722 /* OZ@2x.png in Resources */ = {isa = PBXBuildFile; fileRef = 3E971A2F148BA1D0009AD722 /* OZ@2x.png */; };
		3E971A83148BA1D0009AD722 /* PK@2x.png in Resources */ = {isa = PBXBuildFile; fileRef = 3E971A30148BA1D0009AD722 /* PK@2x.png */; };
		3E971A84148BA1D0009AD722 /* PN@2x.png in Resources */ = {isa = PBXBuildFile; fileRef = 3E971A31148BA1D0009AD722 /* PN@2x.png */; };
		3E971A85148BA1D0009AD722 /* QF@2x.png in Resources */ = {isa = PBXBuildFile; fileRef = 3E971A32148BA1D0009AD722 /* QF@2x.png */; };
		3E971A86148BA1D0009AD722 /* QH@2x.png in Resources */ = {isa = PBXBuildFile; fileRef = 3E971A33148BA1D0009AD722 /* QH@2x.png */; };
		3E971A87148BA1D0009AD722 /* QR@2x.png in Resources */ = {isa = PBXBuildFile; fileRef = 3E971A34148BA1D0009AD722 /* QR@2x.png */; };
		3E971A88148BA1D0009AD722 /* RU@2x.png in Resources */ = {isa = PBXBuildFile; fileRef = 3E971A35148BA1D0009AD722 /* RU@2x.png */; };
		3E971A89148BA1D0009AD722 /* S7@2x.png in Resources */ = {isa = PBXBuildFile; fileRef = 3E971A36148BA1D0009AD722 /* S7@2x.png */; };
		3E971A8A148BA1D0009AD722 /* SC@2x.png in Resources */ = {isa = PBXBuildFile; fileRef = 3E971A37148BA1D0009AD722 /* SC@2x.png */; };
		3E971A8B148BA1D0009AD722 /* SK@2x.png in Resources */ = {isa = PBXBuildFile; fileRef = 3E971A38148BA1D0009AD722 /* SK@2x.png */; };
		3E971A8C148BA1D0009AD722 /* SQ@2x.png in Resources */ = {isa = PBXBuildFile; fileRef = 3E971A39148BA1D0009AD722 /* SQ@2x.png */; };
		3E971A8D148BA1D0009AD722 /* SU@2x.png in Resources */ = {isa = PBXBuildFile; fileRef = 3E971A3A148BA1D0009AD722 /* SU@2x.png */; };
		3E971A8E148BA1D0009AD722 /* TG@2x.png in Resources */ = {isa = PBXBuildFile; fileRef = 3E971A3B148BA1D0009AD722 /* TG@2x.png */; };
		3E971A8F148BA1D0009AD722 /* TK@2x.png in Resources */ = {isa = PBXBuildFile; fileRef = 3E971A3C148BA1D0009AD722 /* TK@2x.png */; };
		3E971A90148BA1D0009AD722 /* UA@2x.png in Resources */ = {isa = PBXBuildFile; fileRef = 3E971A3D148BA1D0009AD722 /* UA@2x.png */; };
		3E971A91148BA1D0009AD722 /* UN@2x.png in Resources */ = {isa = PBXBuildFile; fileRef = 3E971A3E148BA1D0009AD722 /* UN@2x.png */; };
		3E971A92148BA1D0009AD722 /* UO@2x.png in Resources */ = {isa = PBXBuildFile; fileRef = 3E971A3F148BA1D0009AD722 /* UO@2x.png */; };
		3E971A93148BA1D0009AD722 /* VD@2x.png in Resources */ = {isa = PBXBuildFile; fileRef = 3E971A40148BA1D0009AD722 /* VD@2x.png */; };
		3E971A94148BA1D0009AD722 /* VN@2x.png in Resources */ = {isa = PBXBuildFile; fileRef = 3E971A41148BA1D0009AD722 /* VN@2x.png */; };
		3E971A95148BA1D0009AD722 /* VS@2x.png in Resources */ = {isa = PBXBuildFile; fileRef = 3E971A42148BA1D0009AD722 /* VS@2x.png */; };
		3E971A96148BA1D0009AD722 /* Y8@2x.png in Resources */ = {isa = PBXBuildFile; fileRef = 3E971A43148BA1D0009AD722 /* Y8@2x.png */; };
		3E971A97148BA1D0009AD722 /* ZH@2x.png in Resources */ = {isa = PBXBuildFile; fileRef = 3E971A44148BA1D0009AD722 /* ZH@2x.png */; };
		3E98030E1404678A00A3C5BE /* DisclosureDetailController.m in Sources */ = {isa = PBXBuildFile; fileRef = 3E98030D1404678A00A3C5BE /* DisclosureDetailController.m */; };
		3E9803121404697800A3C5BE /* DisclosureButtonController.m in Sources */ = {isa = PBXBuildFile; fileRef = 3E9803111404697800A3C5BE /* DisclosureButtonController.m */; };
		3E98031414046A4200A3C5BE /* DisclosureDetail.xib in Resources */ = {isa = PBXBuildFile; fileRef = 3E98031314046A4200A3C5BE /* DisclosureDetail.xib */; };
		3E9CBE44141835BE00B21EBC /* Company.m in Sources */ = {isa = PBXBuildFile; fileRef = 3E9CBE43141835BE00B21EBC /* Company.m */; };
		3EA84FA2144C698800985145 /* CHANGELOG.md in Resources */ = {isa = PBXBuildFile; fileRef = 3EA84F9A144C698800985145 /* CHANGELOG.md */; };
		3EA84FA3144C698800985145 /* JSONKit.m in Sources */ = {isa = PBXBuildFile; fileRef = 3EA84F9C144C698800985145 /* JSONKit.m */; };
		3EA84FA4144C698800985145 /* README.md in Resources */ = {isa = PBXBuildFile; fileRef = 3EA84F9D144C698800985145 /* README.md */; };
		3EA84FA5144C698800985145 /* SVGeocoder.m in Sources */ = {isa = PBXBuildFile; fileRef = 3EA84F9F144C698800985145 /* SVGeocoder.m */; };
		3EA84FA6144C698800985145 /* SVPlacemark.m in Sources */ = {isa = PBXBuildFile; fileRef = 3EA84FA1144C698800985145 /* SVPlacemark.m */; };
		3EA84FCB144C69C300985145 /* AddressBook.framework in Frameworks */ = {isa = PBXBuildFile; fileRef = 3EA84FCA144C69C300985145 /* AddressBook.framework */; };
		3EBBC7111473F4A400F3F2DE /* china5.png in Resources */ = {isa = PBXBuildFile; fileRef = 3EBBC7101473F4A400F3F2DE /* china5.png */; };
		3EBBC7131473F7DB00F3F2DE /* Default.png in Resources */ = {isa = PBXBuildFile; fileRef = 3EBBC7121473F7DB00F3F2DE /* Default.png */; };
		3EBBC71D1473FEF600F3F2DE /* map.png in Resources */ = {isa = PBXBuildFile; fileRef = 3EBBC71C1473FEF600F3F2DE /* map.png */; };
		3EBBC71F1473FF8D00F3F2DE /* time.png in Resources */ = {isa = PBXBuildFile; fileRef = 3EBBC71E1473FF8D00F3F2DE /* time.png */; };
		3EC3AD1B143C938A007F748B /* Reachability.m in Sources */ = {isa = PBXBuildFile; fileRef = 3EC3AD1A143C938A007F748B /* Reachability.m */; };
		3EC3AD25143C9474007F748B /* SystemConfiguration.framework in Frameworks */ = {isa = PBXBuildFile; fileRef = 3EC3AD24143C9474007F748B /* SystemConfiguration.framework */; };
		3ED5F4281452CA97003F2988 /* DisclosureButtonController.xib in Resources */ = {isa = PBXBuildFile; fileRef = 3ED5F4271452CA97003F2988 /* DisclosureButtonController.xib */; };
		3ED5F42A14530021003F2988 /* SearchConditionController.xib in Resources */ = {isa = PBXBuildFile; fileRef = 3ED5F42914530021003F2988 /* SearchConditionController.xib */; };
/* End PBXBuildFile section */

/* Begin PBXFileReference section */
		1D30AB110D05D00D00671497 /* Foundation.framework */ = {isa = PBXFileReference; lastKnownFileType = wrapper.framework; name = Foundation.framework; path = System/Library/Frameworks/Foundation.framework; sourceTree = SDKROOT; };
		1D3623240D0F684500981E51 /* MyNavAppDelegate.h */ = {isa = PBXFileReference; fileEncoding = 4; lastKnownFileType = sourcecode.c.h; path = MyNavAppDelegate.h; sourceTree = "<group>"; };
		1D3623250D0F684500981E51 /* MyNavAppDelegate.m */ = {isa = PBXFileReference; fileEncoding = 4; lastKnownFileType = sourcecode.c.objc; path = MyNavAppDelegate.m; sourceTree = "<group>"; };
		1D6058910D05DD3D006BFB54 /* MyNav.app */ = {isa = PBXFileReference; explicitFileType = wrapper.application; includeInIndex = 0; path = MyNav.app; sourceTree = BUILT_PRODUCTS_DIR; };
		1DF5F4DF0D08C38300B7A737 /* UIKit.framework */ = {isa = PBXFileReference; lastKnownFileType = wrapper.framework; name = UIKit.framework; path = System/Library/Frameworks/UIKit.framework; sourceTree = SDKROOT; };
		288765FC0DF74451002DB57D /* CoreGraphics.framework */ = {isa = PBXFileReference; lastKnownFileType = wrapper.framework; name = CoreGraphics.framework; path = System/Library/Frameworks/CoreGraphics.framework; sourceTree = SDKROOT; };
		28AD733E0D9D9553002E5188 /* MainWindow.xib */ = {isa = PBXFileReference; lastKnownFileType = file.xib; path = MainWindow.xib; sourceTree = "<group>"; };
		29B97316FDCFA39411CA2CEA /* main.m */ = {isa = PBXFileReference; fileEncoding = 4; lastKnownFileType = sourcecode.c.objc; path = main.m; sourceTree = "<group>"; };
		32CA4F630368D1EE00C91783 /* MyNav_Prefix.pch */ = {isa = PBXFileReference; fileEncoding = 4; lastKnownFileType = sourcecode.c.h; path = MyNav_Prefix.pch; sourceTree = "<group>"; };
		3E43DC47148FA77400419377 /* InfoViewController.h */ = {isa = PBXFileReference; fileEncoding = 4; lastKnownFileType = sourcecode.c.h; path = InfoViewController.h; sourceTree = "<group>"; };
		3E43DC48148FA77400419377 /* InfoViewController.m */ = {isa = PBXFileReference; fileEncoding = 4; lastKnownFileType = sourcecode.c.objc; path = InfoViewController.m; sourceTree = "<group>"; };
		3E43DC49148FA77400419377 /* InfoViewController.xib */ = {isa = PBXFileReference; fileEncoding = 4; lastKnownFileType = file.xib; name = InfoViewController.xib; path = Classes/InfoViewController.xib; sourceTree = "<group>"; };
		3E5FB5E9144AA64100A1AD06 /* MapKit.framework */ = {isa = PBXFileReference; lastKnownFileType = wrapper.framework; name = MapKit.framework; path = System/Library/Frameworks/MapKit.framework; sourceTree = SDKROOT; };
		3E5FB631144AAACB00A1AD06 /* DisplayMap.h */ = {isa = PBXFileReference; fileEncoding = 4; lastKnownFileType = sourcecode.c.h; path = DisplayMap.h; sourceTree = "<group>"; };
		3E5FB632144AAACB00A1AD06 /* DisplayMap.m */ = {isa = PBXFileReference; fileEncoding = 4; lastKnownFileType = sourcecode.c.objc; path = DisplayMap.m; sourceTree = "<group>"; };
		3E5FB640144AAC3100A1AD06 /* CoreLocation.framework */ = {isa = PBXFileReference; lastKnownFileType = wrapper.framework; name = CoreLocation.framework; path = System/Library/Frameworks/CoreLocation.framework; sourceTree = SDKROOT; };
		3E87147B14919624008B8B80 /* VersionCheckUtil.h */ = {isa = PBXFileReference; fileEncoding = 4; lastKnownFileType = sourcecode.c.h; path = VersionCheckUtil.h; sourceTree = "<group>"; };
		3E87147C14919624008B8B80 /* VersionCheckUtil.m */ = {isa = PBXFileReference; fileEncoding = 4; lastKnownFileType = sourcecode.c.objc; path = VersionCheckUtil.m; sourceTree = "<group>"; };
		3E8714821491A655008B8B80 /* CLMAlertView.h */ = {isa = PBXFileReference; fileEncoding = 4; lastKnownFileType = sourcecode.c.h; path = CLMAlertView.h; sourceTree = "<group>"; };
		3E8714831491A655008B8B80 /* CLMAlertView.m */ = {isa = PBXFileReference; fileEncoding = 4; lastKnownFileType = sourcecode.c.objc; path = CLMAlertView.m; sourceTree = "<group>"; };
		3E88861F147358F000E1E2B2 /* highlightBack.png */ = {isa = PBXFileReference; lastKnownFileType = image.png; path = highlightBack.png; sourceTree = "<group>"; };
		3E893CCE1455B24600639A07 /* Airport.h */ = {isa = PBXFileReference; fileEncoding = 4; lastKnownFileType = sourcecode.c.h; name = Airport.h; path = SVGeocoder/Airport.h; sourceTree = "<group>"; };
		3E893CCF1455B24600639A07 /* Airport.m */ = {isa = PBXFileReference; fileEncoding = 4; lastKnownFileType = sourcecode.c.objc; name = Airport.m; path = SVGeocoder/Airport.m; sourceTree = "<group>"; };
		3E8BD7B21474E40E00444D18 /* PlaneAnnotation.h */ = {isa = PBXFileReference; fileEncoding = 4; lastKnownFileType = sourcecode.c.h; path = PlaneAnnotation.h; sourceTree = "<group>"; };
		3E8BD7B31474E40E00444D18 /* PlaneAnnotation.m */ = {isa = PBXFileReference; fileEncoding = 4; lastKnownFileType = sourcecode.c.objc; path = PlaneAnnotation.m; sourceTree = "<group>"; };
		3E8BD7B51474F7B700444D18 /* UIImage-Extensions.h */ = {isa = PBXFileReference; fileEncoding = 4; lastKnownFileType = sourcecode.c.h; path = "UIImage-Extensions.h"; sourceTree = "<group>"; };
		3E8BD7B61474F7B700444D18 /* UIImage-Extensions.m */ = {isa = PBXFileReference; fileEncoding = 4; lastKnownFileType = sourcecode.c.objc; path = "UIImage-Extensions.m"; sourceTree = "<group>"; };
		3E8BD7BE1475207600444D18 /* mapplane.png */ = {isa = PBXFileReference; lastKnownFileType = image.png; path = mapplane.png; sourceTree = "<group>"; };
		3E8C10ED1483347000FEA9DC /* libMobClickLibrary.a */ = {isa = PBXFileReference; lastKnownFileType = archive.ar; path = libMobClickLibrary.a; sourceTree = "<group>"; };
		3E8C10EE1483347000FEA9DC /* MobClick.h */ = {isa = PBXFileReference; fileEncoding = 4; lastKnownFileType = sourcecode.c.h; path = MobClick.h; sourceTree = "<group>"; };
		3E8C10F0148334C600FEA9DC /* libz.1.dylib */ = {isa = PBXFileReference; lastKnownFileType = "compiled.mach-o.dylib"; name = libz.1.dylib; path = usr/lib/libz.1.dylib; sourceTree = SDKROOT; };
		3E8C3D5B140C5CB000B17765 /* SearchConditionController.h */ = {isa = PBXFileReference; fileEncoding = 4; lastKnownFileType = sourcecode.c.h; path = SearchConditionController.h; sourceTree = "<group>"; };
		3E8C3D5C140C5CB000B17765 /* SearchConditionController.m */ = {isa = PBXFileReference; fileEncoding = 4; lastKnownFileType = sourcecode.c.objc; path = SearchConditionController.m; sourceTree = "<group>"; };
		3E8C8F7D141CFAFF002246C0 /* libsqlite3.dylib */ = {isa = PBXFileReference; lastKnownFileType = "compiled.mach-o.dylib"; name = libsqlite3.dylib; path = usr/lib/libsqlite3.dylib; sourceTree = SDKROOT; };
		3E8D97A6148E5BA000A162B7 /* flights.sqlite3 */ = {isa = PBXFileReference; lastKnownFileType = file; path = flights.sqlite3; sourceTree = "<group>"; };
		3E8DE4FF14826EB100E5EA35 /* add.png */ = {isa = PBXFileReference; lastKnownFileType = image.png; path = add.png; sourceTree = "<group>"; };
		3E8E4E661463D1C100CD4D4C /* QueryResultController.h */ = {isa = PBXFileReference; fileEncoding = 4; lastKnownFileType = sourcecode.c.h; path = QueryResultController.h; sourceTree = "<group>"; };
		3E8E4E671463D1C200CD4D4C /* QueryResultController.m */ = {isa = PBXFileReference; fileEncoding = 4; lastKnownFileType = sourcecode.c.objc; path = QueryResultController.m; sourceTree = "<group>"; };
		3E8E78F014552C01003BAD50 /* SearchConditionAirportController.h */ = {isa = PBXFileReference; fileEncoding = 4; lastKnownFileType = sourcecode.c.h; path = SearchConditionAirportController.h; sourceTree = "<group>"; };
		3E8E78F114552C01003BAD50 /* SearchConditionAirportController.m */ = {isa = PBXFileReference; fileEncoding = 4; lastKnownFileType = sourcecode.c.objc; path = SearchConditionAirportController.m; sourceTree = "<group>"; };
		3E8E90CE1471F8E000B36223 /* plane.png */ = {isa = PBXFileReference; lastKnownFileType = image.png; path = plane.png; sourceTree = "<group>"; };
		3E8E90D21471FA6600B36223 /* MessageUI.framework */ = {isa = PBXFileReference; lastKnownFileType = wrapper.framework; name = MessageUI.framework; path = System/Library/Frameworks/MessageUI.framework; sourceTree = SDKROOT; };
		3E8E90D814721EE100B36223 /* QueryCustomCell.xib */ = {isa = PBXFileReference; fileEncoding = 4; lastKnownFileType = file.xib; path = QueryCustomCell.xib; sourceTree = "<group>"; };
		3E8E90DA14721EEE00B36223 /* cellbackground.png */ = {isa = PBXFileReference; lastKnownFileType = image.png; path = cellbackground.png; sourceTree = "<group>"; };
		3E8E90DE14721F0400B36223 /* pushmusic.wav */ = {isa = PBXFileReference; lastKnownFileType = audio.wav; path = pushmusic.wav; sourceTree = "<group>"; };
		3E8E90E01472478800B36223 /* SearchConditionCompanyController.xib */ = {isa = PBXFileReference; fileEncoding = 4; lastKnownFileType = file.xib; path = SearchConditionCompanyController.xib; sourceTree = "<group>"; };
		3E8E90E81472936000B36223 /* planetab.png */ = {isa = PBXFileReference; lastKnownFileType = image.png; path = planetab.png; sourceTree = "<group>"; };
		3E8E90EA1472A53400B36223 /* DisclosureButtonTitleView.xib */ = {isa = PBXFileReference; fileEncoding = 4; lastKnownFileType = file.xib; path = DisclosureButtonTitleView.xib; sourceTree = "<group>"; };
		3E8E90EC1472A76100B36223 /* DisclosureButtonTitleView.h */ = {isa = PBXFileReference; fileEncoding = 4; lastKnownFileType = sourcecode.c.h; path = DisclosureButtonTitleView.h; sourceTree = "<group>"; };
		3E8E90ED1472A76100B36223 /* DisclosureButtonTitleView.m */ = {isa = PBXFileReference; fileEncoding = 4; lastKnownFileType = sourcecode.c.objc; path = DisclosureButtonTitleView.m; sourceTree = "<group>"; };
		3E900F31145D897200710661 /* SearchConditionAirportController.xib */ = {isa = PBXFileReference; fileEncoding = 4; lastKnownFileType = file.xib; path = SearchConditionAirportController.xib; sourceTree = "<group>"; };
		3E900F39145DAA3100710661 /* CoreTelephony.framework */ = {isa = PBXFileReference; lastKnownFileType = wrapper.framework; name = CoreTelephony.framework; path = System/Library/Frameworks/CoreTelephony.framework; sourceTree = SDKROOT; };
		3E900F3B145DAA4000710661 /* QuartzCore.framework */ = {isa = PBXFileReference; lastKnownFileType = wrapper.framework; name = QuartzCore.framework; path = System/Library/Frameworks/QuartzCore.framework; sourceTree = SDKROOT; };
		3E901360148DDEAC005B133F /* newIcon1.png */ = {isa = PBXFileReference; lastKnownFileType = image.png; path = newIcon1.png; sourceTree = "<group>"; };
		3E903D29148F31F60033FAB5 /* DoneDown.png */ = {isa = PBXFileReference; lastKnownFileType = image.png; path = DoneDown.png; sourceTree = "<group>"; };
		3E903D2A148F31F60033FAB5 /* DoneUp.png */ = {isa = PBXFileReference; lastKnownFileType = image.png; path = DoneUp.png; sourceTree = "<group>"; };
		3E91CFE41403D428004E20F8 /* RootViewController.h */ = {isa = PBXFileReference; fileEncoding = 4; lastKnownFileType = sourcecode.c.h; path = RootViewController.h; sourceTree = "<group>"; };
		3E91CFE51403D428004E20F8 /* RootViewController.m */ = {isa = PBXFileReference; fileEncoding = 4; lastKnownFileType = sourcecode.c.objc; path = RootViewController.m; sourceTree = "<group>"; };
		3E91CFE91403D856004E20F8 /* ListViewController.h */ = {isa = PBXFileReference; fileEncoding = 4; lastKnownFileType = sourcecode.c.h; path = ListViewController.h; sourceTree = "<group>"; };
		3E91CFEA1403D856004E20F8 /* ListViewController.m */ = {isa = PBXFileReference; fileEncoding = 4; lastKnownFileType = sourcecode.c.objc; path = ListViewController.m; sourceTree = "<group>"; };
		3E92DF8D14088A8B0094CFAA /* FlightDetailCustomCell.h */ = {isa = PBXFileReference; fileEncoding = 4; lastKnownFileType = sourcecode.c.h; path = FlightDetailCustomCell.h; sourceTree = "<group>"; };
		3E92DF8E14088A8B0094CFAA /* FlightDetailCustomCell.m */ = {isa = PBXFileReference; fileEncoding = 4; lastKnownFileType = sourcecode.c.objc; path = FlightDetailCustomCell.m; sourceTree = "<group>"; };
		3E92DF9014088ACC0094CFAA /* FlightDetailCustomCell.xib */ = {isa = PBXFileReference; lastKnownFileType = file.xib; path = FlightDetailCustomCell.xib; sourceTree = "<group>"; };
		3E92E0421408D1500094CFAA /* xiangqing.png */ = {isa = PBXFileReference; lastKnownFileType = image.png; path = xiangqing.png; sourceTree = "<group>"; };
		3E92E04B1408D2100094CFAA /* duigou.png */ = {isa = PBXFileReference; lastKnownFileType = image.png; path = duigou.png; sourceTree = "<group>"; };
		3E92E0A0140900440094CFAA /* JSON.h */ = {isa = PBXFileReference; fileEncoding = 4; lastKnownFileType = sourcecode.c.h; path = JSON.h; sourceTree = "<group>"; };
		3E92E0A1140900440094CFAA /* NSObject+SBJSON.h */ = {isa = PBXFileReference; fileEncoding = 4; lastKnownFileType = sourcecode.c.h; path = "NSObject+SBJSON.h"; sourceTree = "<group>"; };
		3E92E0A2140900440094CFAA /* NSObject+SBJSON.m */ = {isa = PBXFileReference; fileEncoding = 4; lastKnownFileType = sourcecode.c.objc; path = "NSObject+SBJSON.m"; sourceTree = "<group>"; };
		3E92E0A3140900440094CFAA /* NSString+SBJSON.h */ = {isa = PBXFileReference; fileEncoding = 4; lastKnownFileType = sourcecode.c.h; path = "NSString+SBJSON.h"; sourceTree = "<group>"; };
		3E92E0A4140900440094CFAA /* NSString+SBJSON.m */ = {isa = PBXFileReference; fileEncoding = 4; lastKnownFileType = sourcecode.c.objc; path = "NSString+SBJSON.m"; sourceTree = "<group>"; };
		3E92E0A5140900440094CFAA /* SBJSON.h */ = {isa = PBXFileReference; fileEncoding = 4; lastKnownFileType = sourcecode.c.h; path = SBJSON.h; sourceTree = "<group>"; };
		3E92E0A6140900440094CFAA /* SBJSON.m */ = {isa = PBXFileReference; fileEncoding = 4; lastKnownFileType = sourcecode.c.objc; path = SBJSON.m; sourceTree = "<group>"; };
		3E92E0A7140900440094CFAA /* SBJsonBase.h */ = {isa = PBXFileReference; fileEncoding = 4; lastKnownFileType = sourcecode.c.h; path = SBJsonBase.h; sourceTree = "<group>"; };
		3E92E0A8140900440094CFAA /* SBJsonBase.m */ = {isa = PBXFileReference; fileEncoding = 4; lastKnownFileType = sourcecode.c.objc; path = SBJsonBase.m; sourceTree = "<group>"; };
		3E92E0A9140900440094CFAA /* SBJsonParser.h */ = {isa = PBXFileReference; fileEncoding = 4; lastKnownFileType = sourcecode.c.h; path = SBJsonParser.h; sourceTree = "<group>"; };
		3E92E0AA140900440094CFAA /* SBJsonParser.m */ = {isa = PBXFileReference; fileEncoding = 4; lastKnownFileType = sourcecode.c.objc; path = SBJsonParser.m; sourceTree = "<group>"; };
		3E92E0AB140900440094CFAA /* SBJsonWriter.h */ = {isa = PBXFileReference; fileEncoding = 4; lastKnownFileType = sourcecode.c.h; path = SBJsonWriter.h; sourceTree = "<group>"; };
		3E92E0AC140900440094CFAA /* SBJsonWriter.m */ = {isa = PBXFileReference; fileEncoding = 4; lastKnownFileType = sourcecode.c.objc; path = SBJsonWriter.m; sourceTree = "<group>"; };
		3E95E29F14068E16004E250B /* CustomCell.h */ = {isa = PBXFileReference; fileEncoding = 4; lastKnownFileType = sourcecode.c.h; path = CustomCell.h; sourceTree = "<group>"; };
		3E95E2A014068E16004E250B /* CustomCell.m */ = {isa = PBXFileReference; fileEncoding = 4; lastKnownFileType = sourcecode.c.objc; path = CustomCell.m; sourceTree = "<group>"; };
		3E95E2A214068F1E004E250B /* CustomCell.xib */ = {isa = PBXFileReference; lastKnownFileType = file.xib; path = CustomCell.xib; sourceTree = "<group>"; };
		3E96B86314173D23000B2E96 /* TdCalendarView.m */ = {isa = PBXFileReference; fileEncoding = 4; lastKnownFileType = sourcecode.c.objc; path = TdCalendarView.m; sourceTree = "<group>"; };
		3E96B86414173D23000B2E96 /* TdCalendarView.h */ = {isa = PBXFileReference; fileEncoding = 4; lastKnownFileType = sourcecode.c.h; path = TdCalendarView.h; sourceTree = "<group>"; };
		3E96B86C14173E57000B2E96 /* SearchConditionDateController.h */ = {isa = PBXFileReference; fileEncoding = 4; lastKnownFileType = sourcecode.c.h; path = SearchConditionDateController.h; sourceTree = "<group>"; };
		3E96B86D14173E57000B2E96 /* SearchConditionDateController.m */ = {isa = PBXFileReference; fileEncoding = 4; lastKnownFileType = sourcecode.c.objc; path = SearchConditionDateController.m; sourceTree = "<group>"; };
		3E96B86E14173E57000B2E96 /* SearchConditionDateController.xib */ = {isa = PBXFileReference; lastKnownFileType = file.xib; name = SearchConditionDateController.xib; path = Classes/SearchConditionDateController.xib; sourceTree = "<group>"; };
		3E96D91F1416EF2B007D29C0 /* SearchConditionCompanyController.h */ = {isa = PBXFileReference; fileEncoding = 4; lastKnownFileType = sourcecode.c.h; path = SearchConditionCompanyController.h; sourceTree = "<group>"; };
		3E96D9201416EF2B007D29C0 /* SearchConditionCompanyController.m */ = {isa = PBXFileReference; fileEncoding = 4; lastKnownFileType = sourcecode.c.objc; path = SearchConditionCompanyController.m; sourceTree = "<group>"; };
		3E9719F2148BA1D0009AD722 /* 3U@2x.png */ = {isa = PBXFileReference; lastKnownFileType = image.png; path = "3U@2x.png"; sourceTree = "<group>"; };
		3E9719F3148BA1D0009AD722 /* 5J@2x.png */ = {isa = PBXFileReference; lastKnownFileType = image.png; path = "5J@2x.png"; sourceTree = "<group>"; };
		3E9719F4148BA1D0009AD722 /* 7J@2x.png */ = {isa = PBXFileReference; lastKnownFileType = image.png; path = "7J@2x.png"; sourceTree = "<group>"; };
		3E9719F5148BA1D0009AD722 /* 8L@2x.png */ = {isa = PBXFileReference; lastKnownFileType = image.png; path = "8L@2x.png"; sourceTree = "<group>"; };
		3E9719F6148BA1D0009AD722 /* 8Y@2x.png */ = {isa = PBXFileReference; lastKnownFileType = image.png; path = "8Y@2x.png"; sourceTree = "<group>"; };
		3E9719F7148BA1D0009AD722 /* 9C@2x.png */ = {isa = PBXFileReference; lastKnownFileType = image.png; path = "9C@2x.png"; sourceTree = "<group>"; };
		3E9719F8148BA1D0009AD722 /* AC@2x.png */ = {isa = PBXFileReference; lastKnownFileType = image.png; path = "AC@2x.png"; sourceTree = "<group>"; };
		3E9719F9148BA1D0009AD722 /* AE@2x.png */ = {isa = PBXFileReference; lastKnownFileType = image.png; path = "AE@2x.png"; sourceTree = "<group>"; };
		3E9719FA148BA1D0009AD722 /* AH@2x.png */ = {isa = PBXFileReference; lastKnownFileType = image.png; path = "AH@2x.png"; sourceTree = "<group>"; };
		3E9719FB148BA1D0009AD722 /* AI@2x.png */ = {isa = PBXFileReference; lastKnownFileType = image.png; path = "AI@2x.png"; sourceTree = "<group>"; };
		3E9719FC148BA1D0009AD722 /* AY@2x.png */ = {isa = PBXFileReference; lastKnownFileType = image.png; path = "AY@2x.png"; sourceTree = "<group>"; };
		3E9719FD148BA1D0009AD722 /* B7@2x.png */ = {isa = PBXFileReference; lastKnownFileType = image.png; path = "B7@2x.png"; sourceTree = "<group>"; };
		3E9719FE148BA1D0009AD722 /* BA@2x.png */ = {isa = PBXFileReference; lastKnownFileType = image.png; path = "BA@2x.png"; sourceTree = "<group>"; };
		3E9719FF148BA1D0009AD722 /* BK@2x.png */ = {isa = PBXFileReference; lastKnownFileType = image.png; path = "BK@2x.png"; sourceTree = "<group>"; };
		3E971A00148BA1D0009AD722 /* BR@2x.png */ = {isa = PBXFileReference; lastKnownFileType = image.png; path = "BR@2x.png"; sourceTree = "<group>"; };
		3E971A01148BA1D0009AD722 /* CA@2x.png */ = {isa = PBXFileReference; lastKnownFileType = image.png; path = "CA@2x.png"; sourceTree = "<group>"; };
		3E971A02148BA1D0009AD722 /* CI@2x.png */ = {isa = PBXFileReference; lastKnownFileType = image.png; path = "CI@2x.png"; sourceTree = "<group>"; };
		3E971A03148BA1D0009AD722 /* CN@2x.png */ = {isa = PBXFileReference; lastKnownFileType = image.png; path = "CN@2x.png"; sourceTree = "<group>"; };
		3E971A04148BA1D0009AD722 /* CO@2x.png */ = {isa = PBXFileReference; lastKnownFileType = image.png; path = "CO@2x.png"; sourceTree = "<group>"; };
		3E971A05148BA1D0009AD722 /* CX@2x.png */ = {isa = PBXFileReference; lastKnownFileType = image.png; path = "CX@2x.png"; sourceTree = "<group>"; };
		3E971A06148BA1D0009AD722 /* CZ@2x.png */ = {isa = PBXFileReference; lastKnownFileType = image.png; path = "CZ@2x.png"; sourceTree = "<group>"; };
		3E971A07148BA1D0009AD722 /* EK@2x.png */ = {isa = PBXFileReference; lastKnownFileType = image.png; path = "EK@2x.png"; sourceTree = "<group>"; };
		3E971A08148BA1D0009AD722 /* empty@2x.png */ = {isa = PBXFileReference; lastKnownFileType = image.png; path = "empty@2x.png"; sourceTree = "<group>"; };
		3E971A09148BA1D0009AD722 /* ET@2x.png */ = {isa = PBXFileReference; lastKnownFileType = image.png; path = "ET@2x.png"; sourceTree = "<group>"; };
		3E971A0A148BA1D0009AD722 /* EU@2x.png */ = {isa = PBXFileReference; lastKnownFileType = image.png; path = "EU@2x.png"; sourceTree = "<group>"; };
		3E971A0B148BA1D0009AD722 /* EY@2x.png */ = {isa = PBXFileReference; lastKnownFileType = image.png; path = "EY@2x.png"; sourceTree = "<group>"; };
		3E971A0C148BA1D0009AD722 /* FM@2x.png */ = {isa = PBXFileReference; lastKnownFileType = image.png; path = "FM@2x.png"; sourceTree = "<group>"; };
		3E971A0D148BA1D0009AD722 /* G5@2x.png */ = {isa = PBXFileReference; lastKnownFileType = image.png; path = "G5@2x.png"; sourceTree = "<group>"; };
		3E971A0E148BA1D0009AD722 /* GA@2x.png */ = {isa = PBXFileReference; lastKnownFileType = image.png; path = "GA@2x.png"; sourceTree = "<group>"; };
		3E971A0F148BA1D0009AD722 /* GS@2x.png */ = {isa = PBXFileReference; lastKnownFileType = image.png; path = "GS@2x.png"; sourceTree = "<group>"; };
		3E971A10148BA1D0009AD722 /* H8@2x.png */ = {isa = PBXFileReference; lastKnownFileType = image.png; path = "H8@2x.png"; sourceTree = "<group>"; };
		3E971A11148BA1D0009AD722 /* HO@2x.png */ = {isa = PBXFileReference; lastKnownFileType = image.png; path = "HO@2x.png"; sourceTree = "<group>"; };
		3E971A12148BA1D0009AD722 /* HU@2x.png */ = {isa = PBXFileReference; lastKnownFileType = image.png; path = "HU@2x.png"; sourceTree = "<group>"; };
		3E971A13148BA1D0009AD722 /* HX@2x.png */ = {isa = PBXFileReference; lastKnownFileType = image.png; path = "HX@2x.png"; sourceTree = "<group>"; };
		3E971A14148BA1D0009AD722 /* JD@2x.png */ = {isa = PBXFileReference; lastKnownFileType = image.png; path = "JD@2x.png"; sourceTree = "<group>"; };
		3E971A15148BA1D0009AD722 /* JL@2x.png */ = {isa = PBXFileReference; lastKnownFileType = image.png; path = "JL@2x.png"; sourceTree = "<group>"; };
		3E971A16148BA1D0009AD722 /* JR@2x.png */ = {isa = PBXFileReference; lastKnownFileType = image.png; path = "JR@2x.png"; sourceTree = "<group>"; };
		3E971A17148BA1D0009AD722 /* JS@2x.png */ = {isa = PBXFileReference; lastKnownFileType = image.png; path = "JS@2x.png"; sourceTree = "<group>"; };
		3E971A18148BA1D0009AD722 /* KA@2x.png */ = {isa = PBXFileReference; lastKnownFileType = image.png; path = "KA@2x.png"; sourceTree = "<group>"; };
		3E971A19148BA1D0009AD722 /* KC@2x.png */ = {isa = PBXFileReference; lastKnownFileType = image.png; path = "KC@2x.png"; sourceTree = "<group>"; };
		3E971A1A148BA1D0009AD722 /* KE@2x.png */ = {isa = PBXFileReference; lastKnownFileType = image.png; path = "KE@2x.png"; sourceTree = "<group>"; };
		3E971A1B148BA1D0009AD722 /* KL@2x.png */ = {isa = PBXFileReference; lastKnownFileType = image.png; path = "KL@2x.png"; sourceTree = "<group>"; };
		3E971A1C148BA1D0009AD722 /* KN@2x.png */ = {isa = PBXFileReference; lastKnownFileType = image.png; path = "KN@2x.png"; sourceTree = "<group>"; };
		3E971A1D148BA1D0009AD722 /* KQ@2x.png */ = {isa = PBXFileReference; lastKnownFileType = image.png; path = "KQ@2x.png"; sourceTree = "<group>"; };
		3E971A1E148BA1D0009AD722 /* KU@2x.png */ = {isa = PBXFileReference; lastKnownFileType = image.png; path = "KU@2x.png"; sourceTree = "<group>"; };
		3E971A1F148BA1D0009AD722 /* KY@2x.png */ = {isa = PBXFileReference; lastKnownFileType = image.png; path = "KY@2x.png"; sourceTree = "<group>"; };
		3E971A20148BA1D0009AD722 /* LD@2x.png */ = {isa = PBXFileReference; lastKnownFileType = image.png; path = "LD@2x.png"; sourceTree = "<group>"; };
		3E971A21148BA1D0009AD722 /* LH@2x.png */ = {isa = PBXFileReference; lastKnownFileType = image.png; path = "LH@2x.png"; sourceTree = "<group>"; };
		3E971A22148BA1D0009AD722 /* LY@2x.png */ = {isa = PBXFileReference; lastKnownFileType = image.png; path = "LY@2x.png"; sourceTree = "<group>"; };
		3E971A23148BA1D0009AD722 /* MF@2x.png */ = {isa = PBXFileReference; lastKnownFileType = image.png; path = "MF@2x.png"; sourceTree = "<group>"; };
		3E971A24148BA1D0009AD722 /* MH@2x.png */ = {isa = PBXFileReference; lastKnownFileType = image.png; path = "MH@2x.png"; sourceTree = "<group>"; };
		3E971A25148BA1D0009AD722 /* MI@2x.png */ = {isa = PBXFileReference; lastKnownFileType = image.png; path = "MI@2x.png"; sourceTree = "<group>"; };
		3E971A26148BA1D0009AD722 /* MS@2x.png */ = {isa = PBXFileReference; lastKnownFileType = image.png; path = "MS@2x.png"; sourceTree = "<group>"; };
		3E971A27148BA1D0009AD722 /* MU@2x.png */ = {isa = PBXFileReference; lastKnownFileType = image.png; path = "MU@2x.png"; sourceTree = "<group>"; };
		3E971A28148BA1D0009AD722 /* NH@2x.png */ = {isa = PBXFileReference; lastKnownFileType = image.png; path = "NH@2x.png"; sourceTree = "<group>"; };
		3E971A29148BA1D0009AD722 /* NS@2x.png */ = {isa = PBXFileReference; lastKnownFileType = image.png; path = "NS@2x.png"; sourceTree = "<group>"; };
		3E971A2A148BA1D0009AD722 /* NX@2x.png */ = {isa = PBXFileReference; lastKnownFileType = image.png; path = "NX@2x.png"; sourceTree = "<group>"; };
		3E971A2B148BA1D0009AD722 /* NZ@2x.png */ = {isa = PBXFileReference; lastKnownFileType = image.png; path = "NZ@2x.png"; sourceTree = "<group>"; };
		3E971A2C148BA1D0009AD722 /* OM@2x.png */ = {isa = PBXFileReference; lastKnownFileType = image.png; path = "OM@2x.png"; sourceTree = "<group>"; };
		3E971A2D148BA1D0009AD722 /* OQ@2x.png */ = {isa = PBXFileReference; lastKnownFileType = image.png; path = "OQ@2x.png"; sourceTree = "<group>"; };
		3E971A2E148BA1D0009AD722 /* OS@2x.png */ = {isa = PBXFileReference; lastKnownFileType = image.png; path = "OS@2x.png"; sourceTree = "<group>"; };
		3E971A2F148BA1D0009AD722 /* OZ@2x.png */ = {isa = PBXFileReference; lastKnownFileType = image.png; path = "OZ@2x.png"; sourceTree = "<group>"; };
		3E971A30148BA1D0009AD722 /* PK@2x.png */ = {isa = PBXFileReference; lastKnownFileType = image.png; path = "PK@2x.png"; sourceTree = "<group>"; };
		3E971A31148BA1D0009AD722 /* PN@2x.png */ = {isa = PBXFileReference; lastKnownFileType = image.png; path = "PN@2x.png"; sourceTree = "<group>"; };
		3E971A32148BA1D0009AD722 /* QF@2x.png */ = {isa = PBXFileReference; lastKnownFileType = image.png; path = "QF@2x.png"; sourceTree = "<group>"; };
		3E971A33148BA1D0009AD722 /* QH@2x.png */ = {isa = PBXFileReference; lastKnownFileType = image.png; path = "QH@2x.png"; sourceTree = "<group>"; };
		3E971A34148BA1D0009AD722 /* QR@2x.png */ = {isa = PBXFileReference; lastKnownFileType = image.png; path = "QR@2x.png"; sourceTree = "<group>"; };
		3E971A35148BA1D0009AD722 /* RU@2x.png */ = {isa = PBXFileReference; lastKnownFileType = image.png; path = "RU@2x.png"; sourceTree = "<group>"; };
		3E971A36148BA1D0009AD722 /* S7@2x.png */ = {isa = PBXFileReference; lastKnownFileType = image.png; path = "S7@2x.png"; sourceTree = "<group>"; };
		3E971A37148BA1D0009AD722 /* SC@2x.png */ = {isa = PBXFileReference; lastKnownFileType = image.png; path = "SC@2x.png"; sourceTree = "<group>"; };
		3E971A38148BA1D0009AD722 /* SK@2x.png */ = {isa = PBXFileReference; lastKnownFileType = image.png; path = "SK@2x.png"; sourceTree = "<group>"; };
		3E971A39148BA1D0009AD722 /* SQ@2x.png */ = {isa = PBXFileReference; lastKnownFileType = image.png; path = "SQ@2x.png"; sourceTree = "<group>"; };
		3E971A3A148BA1D0009AD722 /* SU@2x.png */ = {isa = PBXFileReference; lastKnownFileType = image.png; path = "SU@2x.png"; sourceTree = "<group>"; };
		3E971A3B148BA1D0009AD722 /* TG@2x.png */ = {isa = PBXFileReference; lastKnownFileType = image.png; path = "TG@2x.png"; sourceTree = "<group>"; };
		3E971A3C148BA1D0009AD722 /* TK@2x.png */ = {isa = PBXFileReference; lastKnownFileType = image.png; path = "TK@2x.png"; sourceTree = "<group>"; };
		3E971A3D148BA1D0009AD722 /* UA@2x.png */ = {isa = PBXFileReference; lastKnownFileType = image.png; path = "UA@2x.png"; sourceTree = "<group>"; };
		3E971A3E148BA1D0009AD722 /* UN@2x.png */ = {isa = PBXFileReference; lastKnownFileType = image.png; path = "UN@2x.png"; sourceTree = "<group>"; };
		3E971A3F148BA1D0009AD722 /* UO@2x.png */ = {isa = PBXFileReference; lastKnownFileType = image.png; path = "UO@2x.png"; sourceTree = "<group>"; };
		3E971A40148BA1D0009AD722 /* VD@2x.png */ = {isa = PBXFileReference; lastKnownFileType = image.png; path = "VD@2x.png"; sourceTree = "<group>"; };
		3E971A41148BA1D0009AD722 /* VN@2x.png */ = {isa = PBXFileReference; lastKnownFileType = image.png; path = "VN@2x.png"; sourceTree = "<group>"; };
		3E971A42148BA1D0009AD722 /* VS@2x.png */ = {isa = PBXFileReference; lastKnownFileType = image.png; path = "VS@2x.png"; sourceTree = "<group>"; };
		3E971A43148BA1D0009AD722 /* Y8@2x.png */ = {isa = PBXFileReference; lastKnownFileType = image.png; path = "Y8@2x.png"; sourceTree = "<group>"; };
		3E971A44148BA1D0009AD722 /* ZH@2x.png */ = {isa = PBXFileReference; lastKnownFileType = image.png; path = "ZH@2x.png"; sourceTree = "<group>"; };
		3E98030C1404678A00A3C5BE /* DisclosureDetailController.h */ = {isa = PBXFileReference; fileEncoding = 4; lastKnownFileType = sourcecode.c.h; path = DisclosureDetailController.h; sourceTree = "<group>"; };
		3E98030D1404678A00A3C5BE /* DisclosureDetailController.m */ = {isa = PBXFileReference; fileEncoding = 4; lastKnownFileType = sourcecode.c.objc; path = DisclosureDetailController.m; sourceTree = "<group>"; };
		3E9803101404697800A3C5BE /* DisclosureButtonController.h */ = {isa = PBXFileReference; fileEncoding = 4; lastKnownFileType = sourcecode.c.h; path = DisclosureButtonController.h; sourceTree = "<group>"; };
		3E9803111404697800A3C5BE /* DisclosureButtonController.m */ = {isa = PBXFileReference; fileEncoding = 4; lastKnownFileType = sourcecode.c.objc; path = DisclosureButtonController.m; sourceTree = "<group>"; };
		3E98031314046A4200A3C5BE /* DisclosureDetail.xib */ = {isa = PBXFileReference; lastKnownFileType = file.xib; path = DisclosureDetail.xib; sourceTree = "<group>"; };
		3E9CBE42141835BE00B21EBC /* Company.h */ = {isa = PBXFileReference; fileEncoding = 4; lastKnownFileType = sourcecode.c.h; path = Company.h; sourceTree = "<group>"; };
		3E9CBE43141835BE00B21EBC /* Company.m */ = {isa = PBXFileReference; fileEncoding = 4; lastKnownFileType = sourcecode.c.objc; path = Company.m; sourceTree = "<group>"; };
		3EA84F9A144C698800985145 /* CHANGELOG.md */ = {isa = PBXFileReference; fileEncoding = 4; lastKnownFileType = text; path = CHANGELOG.md; sourceTree = "<group>"; };
		3EA84F9B144C698800985145 /* JSONKit.h */ = {isa = PBXFileReference; fileEncoding = 4; lastKnownFileType = sourcecode.c.h; path = JSONKit.h; sourceTree = "<group>"; };
		3EA84F9C144C698800985145 /* JSONKit.m */ = {isa = PBXFileReference; fileEncoding = 4; lastKnownFileType = sourcecode.c.objc; path = JSONKit.m; sourceTree = "<group>"; };
		3EA84F9D144C698800985145 /* README.md */ = {isa = PBXFileReference; fileEncoding = 4; lastKnownFileType = text; path = README.md; sourceTree = "<group>"; };
		3EA84F9E144C698800985145 /* SVGeocoder.h */ = {isa = PBXFileReference; fileEncoding = 4; lastKnownFileType = sourcecode.c.h; path = SVGeocoder.h; sourceTree = "<group>"; };
		3EA84F9F144C698800985145 /* SVGeocoder.m */ = {isa = PBXFileReference; fileEncoding = 4; lastKnownFileType = sourcecode.c.objc; path = SVGeocoder.m; sourceTree = "<group>"; };
		3EA84FA0144C698800985145 /* SVPlacemark.h */ = {isa = PBXFileReference; fileEncoding = 4; lastKnownFileType = sourcecode.c.h; path = SVPlacemark.h; sourceTree = "<group>"; };
		3EA84FA1144C698800985145 /* SVPlacemark.m */ = {isa = PBXFileReference; fileEncoding = 4; lastKnownFileType = sourcecode.c.objc; path = SVPlacemark.m; sourceTree = "<group>"; };
		3EA84FCA144C69C300985145 /* AddressBook.framework */ = {isa = PBXFileReference; lastKnownFileType = wrapper.framework; name = AddressBook.framework; path = System/Library/Frameworks/AddressBook.framework; sourceTree = SDKROOT; };
		3EB57F30142183B800DE88ED /* Entitlements.plist */ = {isa = PBXFileReference; fileEncoding = 4; lastKnownFileType = text.plist.xml; path = Entitlements.plist; sourceTree = "<group>"; };
		3EBBC7101473F4A400F3F2DE /* china5.png */ = {isa = PBXFileReference; lastKnownFileType = image.png; path = china5.png; sourceTree = "<group>"; };
		3EBBC7121473F7DB00F3F2DE /* Default.png */ = {isa = PBXFileReference; lastKnownFileType = image.png; path = Default.png; sourceTree = "<group>"; };
		3EBBC71C1473FEF600F3F2DE /* map.png */ = {isa = PBXFileReference; lastKnownFileType = image.png; path = map.png; sourceTree = "<group>"; };
		3EBBC71E1473FF8D00F3F2DE /* time.png */ = {isa = PBXFileReference; lastKnownFileType = image.png; path = time.png; sourceTree = "<group>"; };
		3EC3AD19143C938A007F748B /* Reachability.h */ = {isa = PBXFileReference; fileEncoding = 4; lastKnownFileType = sourcecode.c.h; path = Reachability.h; sourceTree = "<group>"; };
		3EC3AD1A143C938A007F748B /* Reachability.m */ = {isa = PBXFileReference; fileEncoding = 4; lastKnownFileType = sourcecode.c.objc; path = Reachability.m; sourceTree = "<group>"; };
		3EC3AD24143C9474007F748B /* SystemConfiguration.framework */ = {isa = PBXFileReference; lastKnownFileType = wrapper.framework; name = SystemConfiguration.framework; path = System/Library/Frameworks/SystemConfiguration.framework; sourceTree = SDKROOT; };
		3ED5F4271452CA97003F2988 /* DisclosureButtonController.xib */ = {isa = PBXFileReference; fileEncoding = 4; lastKnownFileType = file.xib; path = DisclosureButtonController.xib; sourceTree = "<group>"; };
		3ED5F42914530021003F2988 /* SearchConditionController.xib */ = {isa = PBXFileReference; fileEncoding = 4; lastKnownFileType = file.xib; path = SearchConditionController.xib; sourceTree = "<group>"; };
		8D1107310486CEB800E47090 /* MyNav-Info.plist */ = {isa = PBXFileReference; fileEncoding = 4; lastKnownFileType = text.plist.xml; path = "MyNav-Info.plist"; plistStructureDefinitionIdentifier = "com.apple.xcode.plist.structure-definition.iphone.info-plist"; sourceTree = "<group>"; };
/* End PBXFileReference section */

/* Begin PBXFrameworksBuildPhase section */
		1D60588F0D05DD3D006BFB54 /* Frameworks */ = {
			isa = PBXFrameworksBuildPhase;
			buildActionMask = 2147483647;
			files = (
				3E8C10F1148334C600FEA9DC /* libz.1.dylib in Frameworks */,
				3E8E90D31471FA6600B36223 /* MessageUI.framework in Frameworks */,
				3E900F3C145DAA4000710661 /* QuartzCore.framework in Frameworks */,
				3E900F3A145DAA3100710661 /* CoreTelephony.framework in Frameworks */,
				1D60589F0D05DD5A006BFB54 /* Foundation.framework in Frameworks */,
				1DF5F4E00D08C38300B7A737 /* UIKit.framework in Frameworks */,
				288765FD0DF74451002DB57D /* CoreGraphics.framework in Frameworks */,
				3E8C8F7E141CFAFF002246C0 /* libsqlite3.dylib in Frameworks */,
				3EC3AD25143C9474007F748B /* SystemConfiguration.framework in Frameworks */,
				3E5FB5EA144AA64100A1AD06 /* MapKit.framework in Frameworks */,
				3E5FB641144AAC3100A1AD06 /* CoreLocation.framework in Frameworks */,
				3EA84FCB144C69C300985145 /* AddressBook.framework in Frameworks */,
				3E8C10EF1483347000FEA9DC /* libMobClickLibrary.a in Frameworks */,
			);
			runOnlyForDeploymentPostprocessing = 0;
		};
/* End PBXFrameworksBuildPhase section */

/* Begin PBXGroup section */
		080E96DDFE201D6D7F000001 /* Classes */ = {
			isa = PBXGroup;
			children = (
				3E900F35145DA94A00710661 /* umeng */,
				3EA84F98144C698800985145 /* SVGeocoder */,
				3E9CBE411418359900B21EBC /* model */,
				3E96B86214173D0C000B2E96 /* component */,
				3E92E09F140900440094CFAA /* JSON */,
				3EC3AD19143C938A007F748B /* Reachability.h */,
				3EC3AD1A143C938A007F748B /* Reachability.m */,
				3E87147B14919624008B8B80 /* VersionCheckUtil.h */,
				3E87147C14919624008B8B80 /* VersionCheckUtil.m */,
				1D3623240D0F684500981E51 /* MyNavAppDelegate.h */,
				1D3623250D0F684500981E51 /* MyNavAppDelegate.m */,
				3E91CFE91403D856004E20F8 /* ListViewController.h */,
				3E91CFEA1403D856004E20F8 /* ListViewController.m */,
				3E91CFE41403D428004E20F8 /* RootViewController.h */,
				3E91CFE51403D428004E20F8 /* RootViewController.m */,
				3E8E4E661463D1C100CD4D4C /* QueryResultController.h */,
				3E8E4E671463D1C200CD4D4C /* QueryResultController.m */,
				3E9803101404697800A3C5BE /* DisclosureButtonController.h */,
				3E9803111404697800A3C5BE /* DisclosureButtonController.m */,
				3E98030C1404678A00A3C5BE /* DisclosureDetailController.h */,
				3E98030D1404678A00A3C5BE /* DisclosureDetailController.m */,
				3E95E29F14068E16004E250B /* CustomCell.h */,
				3E95E2A014068E16004E250B /* CustomCell.m */,
				3E92DF8D14088A8B0094CFAA /* FlightDetailCustomCell.h */,
				3E92DF8E14088A8B0094CFAA /* FlightDetailCustomCell.m */,
				3E8C3D5B140C5CB000B17765 /* SearchConditionController.h */,
				3E8C3D5C140C5CB000B17765 /* SearchConditionController.m */,
				3E96D91F1416EF2B007D29C0 /* SearchConditionCompanyController.h */,
				3E96D9201416EF2B007D29C0 /* SearchConditionCompanyController.m */,
				3E8E78F014552C01003BAD50 /* SearchConditionAirportController.h */,
				3E8E78F114552C01003BAD50 /* SearchConditionAirportController.m */,
				3E96B86C14173E57000B2E96 /* SearchConditionDateController.h */,
				3E96B86D14173E57000B2E96 /* SearchConditionDateController.m */,
				3E5FB631144AAACB00A1AD06 /* DisplayMap.h */,
				3E5FB632144AAACB00A1AD06 /* DisplayMap.m */,
				3E8E90EC1472A76100B36223 /* DisclosureButtonTitleView.h */,
				3E8E90ED1472A76100B36223 /* DisclosureButtonTitleView.m */,
				3E43DC47148FA77400419377 /* InfoViewController.h */,
				3E43DC48148FA77400419377 /* InfoViewController.m */,
			);
			path = Classes;
			sourceTree = "<group>";
		};
		19C28FACFE9D520D11CA2CBB /* Products */ = {
			isa = PBXGroup;
			children = (
				1D6058910D05DD3D006BFB54 /* MyNav.app */,
			);
			name = Products;
			sourceTree = "<group>";
		};
		29B97314FDCFA39411CA2CEA /* CustomTemplate */ = {
			isa = PBXGroup;
			children = (
				080E96DDFE201D6D7F000001 /* Classes */,
				29B97315FDCFA39411CA2CEA /* Other Sources */,
				29B97317FDCFA39411CA2CEA /* Resources */,
				29B97323FDCFA39411CA2CEA /* Frameworks */,
				19C28FACFE9D520D11CA2CBB /* Products */,
				3EB57F30142183B800DE88ED /* Entitlements.plist */,
			);
			name = CustomTemplate;
			sourceTree = "<group>";
		};
		29B97315FDCFA39411CA2CEA /* Other Sources */ = {
			isa = PBXGroup;
			children = (
				32CA4F630368D1EE00C91783 /* MyNav_Prefix.pch */,
				29B97316FDCFA39411CA2CEA /* main.m */,
			);
			name = "Other Sources";
			sourceTree = "<group>";
		};
		29B97317FDCFA39411CA2CEA /* Resources */ = {
			isa = PBXGroup;
			children = (
				8D1107310486CEB800E47090 /* MyNav-Info.plist */,
				3E8D97A6148E5BA000A162B7 /* flights.sqlite3 */,
				3EBBC7121473F7DB00F3F2DE /* Default.png */,
				3E8E90DE14721F0400B36223 /* pushmusic.wav */,
				3E940A681405D8A700B43D5E /* Images */,
				28AD733E0D9D9553002E5188 /* MainWindow.xib */,
				3E43DC49148FA77400419377 /* InfoViewController.xib */,
				3E8E90D814721EE100B36223 /* QueryCustomCell.xib */,
				3E96B86E14173E57000B2E96 /* SearchConditionDateController.xib */,
				3E900F31145D897200710661 /* SearchConditionAirportController.xib */,
				3E8E90E01472478800B36223 /* SearchConditionCompanyController.xib */,
				3E98031314046A4200A3C5BE /* DisclosureDetail.xib */,
				3E95E2A214068F1E004E250B /* CustomCell.xib */,
				3E8E90EA1472A53400B36223 /* DisclosureButtonTitleView.xib */,
				3E92DF9014088ACC0094CFAA /* FlightDetailCustomCell.xib */,
				3ED5F4271452CA97003F2988 /* DisclosureButtonController.xib */,
				3ED5F42914530021003F2988 /* SearchConditionController.xib */,
			);
			name = Resources;
			sourceTree = "<group>";
		};
		29B97323FDCFA39411CA2CEA /* Frameworks */ = {
			isa = PBXGroup;
			children = (
				3E8C10F0148334C600FEA9DC /* libz.1.dylib */,
				3E8E90D21471FA6600B36223 /* MessageUI.framework */,
				3E900F3B145DAA4000710661 /* QuartzCore.framework */,
				3E900F39145DAA3100710661 /* CoreTelephony.framework */,
				1DF5F4DF0D08C38300B7A737 /* UIKit.framework */,
				1D30AB110D05D00D00671497 /* Foundation.framework */,
				288765FC0DF74451002DB57D /* CoreGraphics.framework */,
				3E8C8F7D141CFAFF002246C0 /* libsqlite3.dylib */,
				3EC3AD24143C9474007F748B /* SystemConfiguration.framework */,
				3E5FB5E9144AA64100A1AD06 /* MapKit.framework */,
				3E5FB640144AAC3100A1AD06 /* CoreLocation.framework */,
				3EA84FCA144C69C300985145 /* AddressBook.framework */,
			);
			name = Frameworks;
			sourceTree = "<group>";
		};
		3E900F35145DA94A00710661 /* umeng */ = {
			isa = PBXGroup;
			children = (
				3E8C10ED1483347000FEA9DC /* libMobClickLibrary.a */,
				3E8C10EE1483347000FEA9DC /* MobClick.h */,
			);
			name = umeng;
			sourceTree = "<group>";
		};
		3E92E09F140900440094CFAA /* JSON */ = {
			isa = PBXGroup;
			children = (
				3E92E0A0140900440094CFAA /* JSON.h */,
				3E92E0A1140900440094CFAA /* NSObject+SBJSON.h */,
				3E92E0A2140900440094CFAA /* NSObject+SBJSON.m */,
				3E92E0A3140900440094CFAA /* NSString+SBJSON.h */,
				3E92E0A4140900440094CFAA /* NSString+SBJSON.m */,
				3E92E0A5140900440094CFAA /* SBJSON.h */,
				3E92E0A6140900440094CFAA /* SBJSON.m */,
				3E92E0A7140900440094CFAA /* SBJsonBase.h */,
				3E92E0A8140900440094CFAA /* SBJsonBase.m */,
				3E92E0A9140900440094CFAA /* SBJsonParser.h */,
				3E92E0AA140900440094CFAA /* SBJsonParser.m */,
				3E92E0AB140900440094CFAA /* SBJsonWriter.h */,
				3E92E0AC140900440094CFAA /* SBJsonWriter.m */,
			);
			path = JSON;
			sourceTree = "<group>";
		};
		3E940A681405D8A700B43D5E /* Images */ = {
			isa = PBXGroup;
			children = (
				3E9719F1148BA137009AD722 /* companyflag */,
				3E8DE4FF14826EB100E5EA35 /* add.png */,
				3E8E90DA14721EEE00B36223 /* cellbackground.png */,
				3E903D29148F31F60033FAB5 /* DoneDown.png */,
				3E903D2A148F31F60033FAB5 /* DoneUp.png */,
				3E8BD7BE1475207600444D18 /* mapplane.png */,
				3EBBC71E1473FF8D00F3F2DE /* time.png */,
				3EBBC71C1473FEF600F3F2DE /* map.png */,
				3E88861F147358F000E1E2B2 /* highlightBack.png */,
				3E8E90E81472936000B36223 /* planetab.png */,
				3EBBC7101473F4A400F3F2DE /* china5.png */,
				3E8E90CE1471F8E000B36223 /* plane.png */,
				3E901360148DDEAC005B133F /* newIcon1.png */,
				3E92E04B1408D2100094CFAA /* duigou.png */,
				3E92E0421408D1500094CFAA /* xiangqing.png */,
			);
			name = Images;
			sourceTree = "<group>";
		};
		3E96B86214173D0C000B2E96 /* component */ = {
			isa = PBXGroup;
			children = (
				3E8714821491A655008B8B80 /* CLMAlertView.h */,
				3E8714831491A655008B8B80 /* CLMAlertView.m */,
				3E96B86414173D23000B2E96 /* TdCalendarView.h */,
				3E96B86314173D23000B2E96 /* TdCalendarView.m */,
			);
			name = component;
			sourceTree = "<group>";
		};
		3E9719F1148BA137009AD722 /* companyflag */ = {
			isa = PBXGroup;
			children = (
				3E9719F2148BA1D0009AD722 /* 3U@2x.png */,
				3E9719F3148BA1D0009AD722 /* 5J@2x.png */,
				3E9719F4148BA1D0009AD722 /* 7J@2x.png */,
				3E9719F5148BA1D0009AD722 /* 8L@2x.png */,
				3E9719F6148BA1D0009AD722 /* 8Y@2x.png */,
				3E9719F7148BA1D0009AD722 /* 9C@2x.png */,
				3E9719F8148BA1D0009AD722 /* AC@2x.png */,
				3E9719F9148BA1D0009AD722 /* AE@2x.png */,
				3E9719FA148BA1D0009AD722 /* AH@2x.png */,
				3E9719FB148BA1D0009AD722 /* AI@2x.png */,
				3E9719FC148BA1D0009AD722 /* AY@2x.png */,
				3E9719FD148BA1D0009AD722 /* B7@2x.png */,
				3E9719FE148BA1D0009AD722 /* BA@2x.png */,
				3E9719FF148BA1D0009AD722 /* BK@2x.png */,
				3E971A00148BA1D0009AD722 /* BR@2x.png */,
				3E971A01148BA1D0009AD722 /* CA@2x.png */,
				3E971A02148BA1D0009AD722 /* CI@2x.png */,
				3E971A03148BA1D0009AD722 /* CN@2x.png */,
				3E971A04148BA1D0009AD722 /* CO@2x.png */,
				3E971A05148BA1D0009AD722 /* CX@2x.png */,
				3E971A06148BA1D0009AD722 /* CZ@2x.png */,
				3E971A07148BA1D0009AD722 /* EK@2x.png */,
				3E971A08148BA1D0009AD722 /* empty@2x.png */,
				3E971A09148BA1D0009AD722 /* ET@2x.png */,
				3E971A0A148BA1D0009AD722 /* EU@2x.png */,
				3E971A0B148BA1D0009AD722 /* EY@2x.png */,
				3E971A0C148BA1D0009AD722 /* FM@2x.png */,
				3E971A0D148BA1D0009AD722 /* G5@2x.png */,
				3E971A0E148BA1D0009AD722 /* GA@2x.png */,
				3E971A0F148BA1D0009AD722 /* GS@2x.png */,
				3E971A10148BA1D0009AD722 /* H8@2x.png */,
				3E971A11148BA1D0009AD722 /* HO@2x.png */,
				3E971A12148BA1D0009AD722 /* HU@2x.png */,
				3E971A13148BA1D0009AD722 /* HX@2x.png */,
				3E971A14148BA1D0009AD722 /* JD@2x.png */,
				3E971A15148BA1D0009AD722 /* JL@2x.png */,
				3E971A16148BA1D0009AD722 /* JR@2x.png */,
				3E971A17148BA1D0009AD722 /* JS@2x.png */,
				3E971A18148BA1D0009AD722 /* KA@2x.png */,
				3E971A19148BA1D0009AD722 /* KC@2x.png */,
				3E971A1A148BA1D0009AD722 /* KE@2x.png */,
				3E971A1B148BA1D0009AD722 /* KL@2x.png */,
				3E971A1C148BA1D0009AD722 /* KN@2x.png */,
				3E971A1D148BA1D0009AD722 /* KQ@2x.png */,
				3E971A1E148BA1D0009AD722 /* KU@2x.png */,
				3E971A1F148BA1D0009AD722 /* KY@2x.png */,
				3E971A20148BA1D0009AD722 /* LD@2x.png */,
				3E971A21148BA1D0009AD722 /* LH@2x.png */,
				3E971A22148BA1D0009AD722 /* LY@2x.png */,
				3E971A23148BA1D0009AD722 /* MF@2x.png */,
				3E971A24148BA1D0009AD722 /* MH@2x.png */,
				3E971A25148BA1D0009AD722 /* MI@2x.png */,
				3E971A26148BA1D0009AD722 /* MS@2x.png */,
				3E971A27148BA1D0009AD722 /* MU@2x.png */,
				3E971A28148BA1D0009AD722 /* NH@2x.png */,
				3E971A29148BA1D0009AD722 /* NS@2x.png */,
				3E971A2A148BA1D0009AD722 /* NX@2x.png */,
				3E971A2B148BA1D0009AD722 /* NZ@2x.png */,
				3E971A2C148BA1D0009AD722 /* OM@2x.png */,
				3E971A2D148BA1D0009AD722 /* OQ@2x.png */,
				3E971A2E148BA1D0009AD722 /* OS@2x.png */,
				3E971A2F148BA1D0009AD722 /* OZ@2x.png */,
				3E971A30148BA1D0009AD722 /* PK@2x.png */,
				3E971A31148BA1D0009AD722 /* PN@2x.png */,
				3E971A32148BA1D0009AD722 /* QF@2x.png */,
				3E971A33148BA1D0009AD722 /* QH@2x.png */,
				3E971A34148BA1D0009AD722 /* QR@2x.png */,
				3E971A35148BA1D0009AD722 /* RU@2x.png */,
				3E971A36148BA1D0009AD722 /* S7@2x.png */,
				3E971A37148BA1D0009AD722 /* SC@2x.png */,
				3E971A38148BA1D0009AD722 /* SK@2x.png */,
				3E971A39148BA1D0009AD722 /* SQ@2x.png */,
				3E971A3A148BA1D0009AD722 /* SU@2x.png */,
				3E971A3B148BA1D0009AD722 /* TG@2x.png */,
				3E971A3C148BA1D0009AD722 /* TK@2x.png */,
				3E971A3D148BA1D0009AD722 /* UA@2x.png */,
				3E971A3E148BA1D0009AD722 /* UN@2x.png */,
				3E971A3F148BA1D0009AD722 /* UO@2x.png */,
				3E971A40148BA1D0009AD722 /* VD@2x.png */,
				3E971A41148BA1D0009AD722 /* VN@2x.png */,
				3E971A42148BA1D0009AD722 /* VS@2x.png */,
				3E971A43148BA1D0009AD722 /* Y8@2x.png */,
				3E971A44148BA1D0009AD722 /* ZH@2x.png */,
			);
			name = companyflag;
			sourceTree = "<group>";
		};
		3E9CBE411418359900B21EBC /* model */ = {
			isa = PBXGroup;
			children = (
				3E8BD7B51474F7B700444D18 /* UIImage-Extensions.h */,
				3E8BD7B61474F7B700444D18 /* UIImage-Extensions.m */,
				3E8BD7B21474E40E00444D18 /* PlaneAnnotation.h */,
				3E8BD7B31474E40E00444D18 /* PlaneAnnotation.m */,
				3E9CBE42141835BE00B21EBC /* Company.h */,
				3E9CBE43141835BE00B21EBC /* Company.m */,
				3E893CCE1455B24600639A07 /* Airport.h */,
				3E893CCF1455B24600639A07 /* Airport.m */,
			);
			name = model;
			sourceTree = "<group>";
		};
		3EA84F98144C698800985145 /* SVGeocoder */ = {
			isa = PBXGroup;
			children = (
				3EA84F99144C698800985145 /* JSONKit */,
				3EA84F9E144C698800985145 /* SVGeocoder.h */,
				3EA84F9F144C698800985145 /* SVGeocoder.m */,
				3EA84FA0144C698800985145 /* SVPlacemark.h */,
				3EA84FA1144C698800985145 /* SVPlacemark.m */,
			);
			path = SVGeocoder;
			sourceTree = "<group>";
		};
		3EA84F99144C698800985145 /* JSONKit */ = {
			isa = PBXGroup;
			children = (
				3EA84F9A144C698800985145 /* CHANGELOG.md */,
				3EA84F9B144C698800985145 /* JSONKit.h */,
				3EA84F9C144C698800985145 /* JSONKit.m */,
				3EA84F9D144C698800985145 /* README.md */,
			);
			path = JSONKit;
			sourceTree = "<group>";
		};
/* End PBXGroup section */

/* Begin PBXNativeTarget section */
		1D6058900D05DD3D006BFB54 /* MyNav */ = {
			isa = PBXNativeTarget;
			buildConfigurationList = 1D6058960D05DD3E006BFB54 /* Build configuration list for PBXNativeTarget "MyNav" */;
			buildPhases = (
				1D60588D0D05DD3D006BFB54 /* Resources */,
				1D60588E0D05DD3D006BFB54 /* Sources */,
				1D60588F0D05DD3D006BFB54 /* Frameworks */,
			);
			buildRules = (
			);
			dependencies = (
			);
			name = MyNav;
			productName = MyNav;
			productReference = 1D6058910D05DD3D006BFB54 /* MyNav.app */;
			productType = "com.apple.product-type.application";
		};
/* End PBXNativeTarget section */

/* Begin PBXProject section */
		29B97313FDCFA39411CA2CEA /* Project object */ = {
			isa = PBXProject;
			buildConfigurationList = C01FCF4E08A954540054247B /* Build configuration list for PBXProject "MyNav" */;
			compatibilityVersion = "Xcode 3.1";
			developmentRegion = English;
			hasScannedForEncodings = 1;
			knownRegions = (
				English,
				Japanese,
				French,
				German,
			);
			mainGroup = 29B97314FDCFA39411CA2CEA /* CustomTemplate */;
			projectDirPath = "";
			projectRoot = "";
			targets = (
				1D6058900D05DD3D006BFB54 /* MyNav */,
			);
		};
/* End PBXProject section */

/* Begin PBXResourcesBuildPhase section */
		1D60588D0D05DD3D006BFB54 /* Resources */ = {
			isa = PBXResourcesBuildPhase;
			buildActionMask = 2147483647;
			files = (
				28AD733F0D9D9553002E5188 /* MainWindow.xib in Resources */,
				3E98031414046A4200A3C5BE /* DisclosureDetail.xib in Resources */,
				3E95E2A314068F1E004E250B /* CustomCell.xib in Resources */,
				3E92DF9114088ACC0094CFAA /* FlightDetailCustomCell.xib in Resources */,
				3E92E0441408D1500094CFAA /* xiangqing.png in Resources */,
				3E92E04C1408D2100094CFAA /* duigou.png in Resources */,
				3E96B87014173E57000B2E96 /* SearchConditionDateController.xib in Resources */,
				3EA84FA2144C698800985145 /* CHANGELOG.md in Resources */,
				3EA84FA4144C698800985145 /* README.md in Resources */,
				3ED5F4281452CA97003F2988 /* DisclosureButtonController.xib in Resources */,
				3ED5F42A14530021003F2988 /* SearchConditionController.xib in Resources */,
				3E900F32145D897200710661 /* SearchConditionAirportController.xib in Resources */,
				3E8E90CF1471F8E000B36223 /* plane.png in Resources */,
				3E8E90D914721EE100B36223 /* QueryCustomCell.xib in Resources */,
				3E8E90DB14721EEE00B36223 /* cellbackground.png in Resources */,
				3E8E90DF14721F0400B36223 /* pushmusic.wav in Resources */,
				3E8E90E11472478800B36223 /* SearchConditionCompanyController.xib in Resources */,
				3E8E90E91472936000B36223 /* planetab.png in Resources */,
				3E8E90EB1472A53500B36223 /* DisclosureButtonTitleView.xib in Resources */,
				3E888620147358F000E1E2B2 /* highlightBack.png in Resources */,
				3EBBC7111473F4A400F3F2DE /* china5.png in Resources */,
				3EBBC7131473F7DB00F3F2DE /* Default.png in Resources */,
				3EBBC71D1473FEF600F3F2DE /* map.png in Resources */,
				3EBBC71F1473FF8D00F3F2DE /* time.png in Resources */,
				3E8BD7BF1475207600444D18 /* mapplane.png in Resources */,
				3E8DE50014826EB100E5EA35 /* add.png in Resources */,
				3E971A45148BA1D0009AD722 /* 3U@2x.png in Resources */,
				3E971A46148BA1D0009AD722 /* 5J@2x.png in Resources */,
				3E971A47148BA1D0009AD722 /* 7J@2x.png in Resources */,
				3E971A48148BA1D0009AD722 /* 8L@2x.png in Resources */,
				3E971A49148BA1D0009AD722 /* 8Y@2x.png in Resources */,
				3E971A4A148BA1D0009AD722 /* 9C@2x.png in Resources */,
				3E971A4B148BA1D0009AD722 /* AC@2x.png in Resources */,
				3E971A4C148BA1D0009AD722 /* AE@2x.png in Resources */,
				3E971A4D148BA1D0009AD722 /* AH@2x.png in Resources */,
				3E971A4E148BA1D0009AD722 /* AI@2x.png in Resources */,
				3E971A4F148BA1D0009AD722 /* AY@2x.png in Resources */,
				3E971A50148BA1D0009AD722 /* B7@2x.png in Resources */,
				3E971A51148BA1D0009AD722 /* BA@2x.png in Resources */,
				3E971A52148BA1D0009AD722 /* BK@2x.png in Resources */,
				3E971A53148BA1D0009AD722 /* BR@2x.png in Resources */,
				3E971A54148BA1D0009AD722 /* CA@2x.png in Resources */,
				3E971A55148BA1D0009AD722 /* CI@2x.png in Resources */,
				3E971A56148BA1D0009AD722 /* CN@2x.png in Resources */,
				3E971A57148BA1D0009AD722 /* CO@2x.png in Resources */,
				3E971A58148BA1D0009AD722 /* CX@2x.png in Resources */,
				3E971A59148BA1D0009AD722 /* CZ@2x.png in Resources */,
				3E971A5A148BA1D0009AD722 /* EK@2x.png in Resources */,
				3E971A5B148BA1D0009AD722 /* empty@2x.png in Resources */,
				3E971A5C148BA1D0009AD722 /* ET@2x.png in Resources */,
				3E971A5D148BA1D0009AD722 /* EU@2x.png in Resources */,
				3E971A5E148BA1D0009AD722 /* EY@2x.png in Resources */,
				3E971A5F148BA1D0009AD722 /* FM@2x.png in Resources */,
				3E971A60148BA1D0009AD722 /* G5@2x.png in Resources */,
				3E971A61148BA1D0009AD722 /* GA@2x.png in Resources */,
				3E971A62148BA1D0009AD722 /* GS@2x.png in Resources */,
				3E971A63148BA1D0009AD722 /* H8@2x.png in Resources */,
				3E971A64148BA1D0009AD722 /* HO@2x.png in Resources */,
				3E971A65148BA1D0009AD722 /* HU@2x.png in Resources */,
				3E971A66148BA1D0009AD722 /* HX@2x.png in Resources */,
				3E971A67148BA1D0009AD722 /* JD@2x.png in Resources */,
				3E971A68148BA1D0009AD722 /* JL@2x.png in Resources */,
				3E971A69148BA1D0009AD722 /* JR@2x.png in Resources */,
				3E971A6A148BA1D0009AD722 /* JS@2x.png in Resources */,
				3E971A6B148BA1D0009AD722 /* KA@2x.png in Resources */,
				3E971A6C148BA1D0009AD722 /* KC@2x.png in Resources */,
				3E971A6D148BA1D0009AD722 /* KE@2x.png in Resources */,
				3E971A6E148BA1D0009AD722 /* KL@2x.png in Resources */,
				3E971A6F148BA1D0009AD722 /* KN@2x.png in Resources */,
				3E971A70148BA1D0009AD722 /* KQ@2x.png in Resources */,
				3E971A71148BA1D0009AD722 /* KU@2x.png in Resources */,
				3E971A72148BA1D0009AD722 /* KY@2x.png in Resources */,
				3E971A73148BA1D0009AD722 /* LD@2x.png in Resources */,
				3E971A74148BA1D0009AD722 /* LH@2x.png in Resources */,
				3E971A75148BA1D0009AD722 /* LY@2x.png in Resources */,
				3E971A76148BA1D0009AD722 /* MF@2x.png in Resources */,
				3E971A77148BA1D0009AD722 /* MH@2x.png in Resources */,
				3E971A78148BA1D0009AD722 /* MI@2x.png in Resources */,
				3E971A79148BA1D0009AD722 /* MS@2x.png in Resources */,
				3E971A7A148BA1D0009AD722 /* MU@2x.png in Resources */,
				3E971A7B148BA1D0009AD722 /* NH@2x.png in Resources */,
				3E971A7C148BA1D0009AD722 /* NS@2x.png in Resources */,
				3E971A7D148BA1D0009AD722 /* NX@2x.png in Resources */,
				3E971A7E148BA1D0009AD722 /* NZ@2x.png in Resources */,
				3E971A7F148BA1D0009AD722 /* OM@2x.png in Resources */,
				3E971A80148BA1D0009AD722 /* OQ@2x.png in Resources */,
				3E971A81148BA1D0009AD722 /* OS@2x.png in Resources */,
				3E971A82148BA1D0009AD722 /* OZ@2x.png in Resources */,
				3E971A83148BA1D0009AD722 /* PK@2x.png in Resources */,
				3E971A84148BA1D0009AD722 /* PN@2x.png in Resources */,
				3E971A85148BA1D0009AD722 /* QF@2x.png in Resources */,
				3E971A86148BA1D0009AD722 /* QH@2x.png in Resources */,
				3E971A87148BA1D0009AD722 /* QR@2x.png in Resources */,
				3E971A88148BA1D0009AD722 /* RU@2x.png in Resources */,
				3E971A89148BA1D0009AD722 /* S7@2x.png in Resources */,
				3E971A8A148BA1D0009AD722 /* SC@2x.png in Resources */,
				3E971A8B148BA1D0009AD722 /* SK@2x.png in Resources */,
				3E971A8C148BA1D0009AD722 /* SQ@2x.png in Resources */,
				3E971A8D148BA1D0009AD722 /* SU@2x.png in Resources */,
				3E971A8E148BA1D0009AD722 /* TG@2x.png in Resources */,
				3E971A8F148BA1D0009AD722 /* TK@2x.png in Resources */,
				3E971A90148BA1D0009AD722 /* UA@2x.png in Resources */,
				3E971A91148BA1D0009AD722 /* UN@2x.png in Resources */,
				3E971A92148BA1D0009AD722 /* UO@2x.png in Resources */,
				3E971A93148BA1D0009AD722 /* VD@2x.png in Resources */,
				3E971A94148BA1D0009AD722 /* VN@2x.png in Resources */,
				3E971A95148BA1D0009AD722 /* VS@2x.png in Resources */,
				3E971A96148BA1D0009AD722 /* Y8@2x.png in Resources */,
				3E971A97148BA1D0009AD722 /* ZH@2x.png in Resources */,
				3E901361148DDEAC005B133F /* newIcon1.png in Resources */,
				3E8D97A7148E5BA100A162B7 /* flights.sqlite3 in Resources */,
				3E903D2B148F31F70033FAB5 /* DoneDown.png in Resources */,
				3E903D2C148F31F70033FAB5 /* DoneUp.png in Resources */,
				3E43DC4B148FA77400419377 /* InfoViewController.xib in Resources */,
			);
			runOnlyForDeploymentPostprocessing = 0;
		};
/* End PBXResourcesBuildPhase section */

/* Begin PBXSourcesBuildPhase section */
		1D60588E0D05DD3D006BFB54 /* Sources */ = {
			isa = PBXSourcesBuildPhase;
			buildActionMask = 2147483647;
			files = (
				1D60589B0D05DD56006BFB54 /* main.m in Sources */,
				1D3623260D0F684500981E51 /* MyNavAppDelegate.m in Sources */,
				3E91CFE61403D428004E20F8 /* RootViewController.m in Sources */,
				3E91CFEB1403D856004E20F8 /* ListViewController.m in Sources */,
				3E98030E1404678A00A3C5BE /* DisclosureDetailController.m in Sources */,
				3E9803121404697800A3C5BE /* DisclosureButtonController.m in Sources */,
				3E95E2A114068E16004E250B /* CustomCell.m in Sources */,
				3E92DF8F14088A8B0094CFAA /* FlightDetailCustomCell.m in Sources */,
				3E92E0AD140900440094CFAA /* NSObject+SBJSON.m in Sources */,
				3E92E0AE140900440094CFAA /* NSString+SBJSON.m in Sources */,
				3E92E0AF140900440094CFAA /* SBJSON.m in Sources */,
				3E92E0B0140900440094CFAA /* SBJsonBase.m in Sources */,
				3E92E0B1140900440094CFAA /* SBJsonParser.m in Sources */,
				3E92E0B2140900440094CFAA /* SBJsonWriter.m in Sources */,
				3E8C3D5D140C5CB000B17765 /* SearchConditionController.m in Sources */,
				3E96D9211416EF2B007D29C0 /* SearchConditionCompanyController.m in Sources */,
				3E96B86514173D23000B2E96 /* TdCalendarView.m in Sources */,
				3E96B86F14173E57000B2E96 /* SearchConditionDateController.m in Sources */,
				3E9CBE44141835BE00B21EBC /* Company.m in Sources */,
				3EC3AD1B143C938A007F748B /* Reachability.m in Sources */,
				3E5FB633144AAACB00A1AD06 /* DisplayMap.m in Sources */,
				3EA84FA3144C698800985145 /* JSONKit.m in Sources */,
				3EA84FA5144C698800985145 /* SVGeocoder.m in Sources */,
				3EA84FA6144C698800985145 /* SVPlacemark.m in Sources */,
				3E8E78F314552C01003BAD50 /* SearchConditionAirportController.m in Sources */,
				3E893CD01455B24600639A07 /* Airport.m in Sources */,
				3E8E4E681463D1C200CD4D4C /* QueryResultController.m in Sources */,
				3E8E90EE1472A76200B36223 /* DisclosureButtonTitleView.m in Sources */,
				3E8BD7B41474E40E00444D18 /* PlaneAnnotation.m in Sources */,
				3E8BD7B71474F7B700444D18 /* UIImage-Extensions.m in Sources */,
				3E43DC4A148FA77400419377 /* InfoViewController.m in Sources */,
				3E87147D14919624008B8B80 /* VersionCheckUtil.m in Sources */,
				3E8714841491A655008B8B80 /* CLMAlertView.m in Sources */,
			);
			runOnlyForDeploymentPostprocessing = 0;
		};
/* End PBXSourcesBuildPhase section */

/* Begin XCBuildConfiguration section */
		1D6058940D05DD3E006BFB54 /* Debug */ = {
			isa = XCBuildConfiguration;
			buildSettings = {
				ALWAYS_SEARCH_USER_PATHS = NO;
				CODE_SIGN_ENTITLEMENTS = "~/Documents/MyNav/Entitlements.plist";
				"CODE_SIGN_IDENTITY[sdk=iphoneos*]" = "iPhone Developer: WEI HONG (3B29CN6N4M)";
				COPY_PHASE_STRIP = NO;
				GCC_DYNAMIC_NO_PIC = NO;
				GCC_OPTIMIZATION_LEVEL = 0;
				GCC_PRECOMPILE_PREFIX_HEADER = YES;
				GCC_PREFIX_HEADER = MyNav_Prefix.pch;
				INFOPLIST_FILE = "MyNav-Info.plist";
				IPHONEOS_DEPLOYMENT_TARGET = 3.0;
				LIBRARY_SEARCH_PATHS = (
					"$(inherited)",
					"\"$(SRCROOT)/Classes\"",
				);
				OTHER_LDFLAGS = "";
				PRODUCT_NAME = MyNav;
				"PROVISIONING_PROFILE[sdk=iphoneos*]" = "E3C8901E-5C10-4A55-AB39-4EAAAFB48D5B";
			};
			name = Debug;
		};
		1D6058950D05DD3E006BFB54 /* Release */ = {
			isa = XCBuildConfiguration;
			buildSettings = {
				ALWAYS_SEARCH_USER_PATHS = NO;
				CODE_SIGN_ENTITLEMENTS = "~/Documents/MyNav/Entitlements.plist";
				COPY_PHASE_STRIP = YES;
				GCC_PRECOMPILE_PREFIX_HEADER = YES;
				GCC_PREFIX_HEADER = MyNav_Prefix.pch;
				INFOPLIST_FILE = "MyNav-Info.plist";
				IPHONEOS_DEPLOYMENT_TARGET = 3.0;
				LIBRARY_SEARCH_PATHS = (
					"$(inherited)",
					"\"$(SRCROOT)/Classes\"",
				);
				OTHER_LDFLAGS = "";
				PRODUCT_NAME = MyNav;
				VALIDATE_PRODUCT = YES;
			};
			name = Release;
		};
		3EB57F2B1421833900DE88ED /* Distribution */ = {
			isa = XCBuildConfiguration;
			buildSettings = {
				ARCHS = "$(ARCHS_STANDARD_32_BIT)";
				"CODE_SIGN_IDENTITY[sdk=iphoneos*]" = "iPhone Distribution: WEI HONG";
				GCC_C_LANGUAGE_STANDARD = c99;
				GCC_WARN_ABOUT_RETURN_TYPE = YES;
				GCC_WARN_UNUSED_VARIABLE = YES;
				IPHONEOS_DEPLOYMENT_TARGET = 3.0;
				New_Setting = "";
				OTHER_CFLAGS = "-DNS_BLOCK_ASSERTIONS=1";
				PREBINDING = NO;
				"PROVISIONING_PROFILE[sdk=iphoneos*]" = "0796588F-7E5C-49C3-B239-2B592F9E4616";
				SDKROOT = iphoneos;
			};
			name = Distribution;
		};
		3EB57F2C1421833900DE88ED /* Distribution */ = {
			isa = XCBuildConfiguration;
			buildSettings = {
				ALWAYS_SEARCH_USER_PATHS = NO;
				CODE_SIGN_ENTITLEMENTS = "~/Documents/MyNav/Entitlements.plist";
				"CODE_SIGN_IDENTITY[sdk=iphoneos*]" = "iPhone Distribution: WEI HONG";
				COPY_PHASE_STRIP = YES;
				GCC_PRECOMPILE_PREFIX_HEADER = YES;
				GCC_PREFIX_HEADER = MyNav_Prefix.pch;
				INFOPLIST_FILE = "MyNav-Info.plist";
				IPHONEOS_DEPLOYMENT_TARGET = 3.0;
				LIBRARY_SEARCH_PATHS = (
					"$(inherited)",
					"\"$(SRCROOT)/Classes\"",
				);
				OTHER_LDFLAGS = "";
				PRODUCT_NAME = MyNav;
				"PROVISIONING_PROFILE[sdk=iphoneos*]" = "0796588F-7E5C-49C3-B239-2B592F9E4616";
				VALIDATE_PRODUCT = YES;
			};
			name = Distribution;
		};
		C01FCF4F08A954540054247B /* Debug */ = {
			isa = XCBuildConfiguration;
			buildSettings = {
				ARCHS = "$(ARCHS_STANDARD_32_BIT)";
				"CODE_SIGN_IDENTITY[sdk=iphoneos*]" = "iPhone Developer: WEI HONG (3B29CN6N4M)";
				GCC_C_LANGUAGE_STANDARD = c99;
				GCC_WARN_ABOUT_RETURN_TYPE = YES;
				GCC_WARN_UNUSED_VARIABLE = YES;
				IPHONEOS_DEPLOYMENT_TARGET = 3.0;
				New_Setting = "";
				OTHER_CFLAGS = "-DDEBUG";
				PREBINDING = NO;
				"PROVISIONING_PROFILE[sdk=iphoneos*]" = "E3C8901E-5C10-4A55-AB39-4EAAAFB48D5B";
				SDKROOT = iphoneos;
			};
			name = Debug;
		};
		C01FCF5008A954540054247B /* Release */ = {
			isa = XCBuildConfiguration;
			buildSettings = {
				ARCHS = "$(ARCHS_STANDARD_32_BIT)";
				"CODE_SIGN_IDENTITY[sdk=iphoneos*]" = "iPhone Developer";
				GCC_C_LANGUAGE_STANDARD = c99;
				GCC_WARN_ABOUT_RETURN_TYPE = YES;
				GCC_WARN_UNUSED_VARIABLE = YES;
				IPHONEOS_DEPLOYMENT_TARGET = 3.0;
				New_Setting = "";
				OTHER_CFLAGS = "-DNS_BLOCK_ASSERTIONS=1";
				PREBINDING = NO;
				SDKROOT = iphoneos;
			};
			name = Release;
		};
/* End XCBuildConfiguration section */

/* Begin XCConfigurationList section */
		1D6058960D05DD3E006BFB54 /* Build configuration list for PBXNativeTarget "MyNav" */ = {
			isa = XCConfigurationList;
			buildConfigurations = (
				1D6058940D05DD3E006BFB54 /* Debug */,
				1D6058950D05DD3E006BFB54 /* Release */,
				3EB57F2C1421833900DE88ED /* Distribution */,
			);
			defaultConfigurationIsVisible = 0;
			defaultConfigurationName = Release;
		};
		C01FCF4E08A954540054247B /* Build configuration list for PBXProject "MyNav" */ = {
			isa = XCConfigurationList;
			buildConfigurations = (
				C01FCF4F08A954540054247B /* Debug */,
				C01FCF5008A954540054247B /* Release */,
				3EB57F2B1421833900DE88ED /* Distribution */,
			);
			defaultConfigurationIsVisible = 0;
			defaultConfigurationName = Release;
		};
/* End XCConfigurationList section */
	};
	rootObject = 29B97313FDCFA39411CA2CEA /* Project object */;
}
